// !$*UTF8*$!
{
	archiveVersion = 1;
	classes = {
	};
	objectVersion = 46;
	objects = {

/* Begin PBXBuildFile section */
		27077F2C1F10154900D82FA8 /* VPKVideoPlaybackBuilder.swift in Sources */ = {isa = PBXBuildFile; fileRef = 27077F061F10154900D82FA8 /* VPKVideoPlaybackBuilder.swift */; };
		27077F2D1F10154900D82FA8 /* VPKColor.swift in Sources */ = {isa = PBXBuildFile; fileRef = 27077F081F10154900D82FA8 /* VPKColor.swift */; };
		27077F2E1F10154900D82FA8 /* VPKEnum.swift in Sources */ = {isa = PBXBuildFile; fileRef = 27077F091F10154900D82FA8 /* VPKEnum.swift */; };
		27077F2F1F10154900D82FA8 /* VPKPlayerContract.swift in Sources */ = {isa = PBXBuildFile; fileRef = 27077F0A1F10154900D82FA8 /* VPKPlayerContract.swift */; };
		27077F301F10154900D82FA8 /* AVContentInfoRequest.swift in Sources */ = {isa = PBXBuildFile; fileRef = 27077F0C1F10154900D82FA8 /* AVContentInfoRequest.swift */; };
		27077F311F10154900D82FA8 /* FileManager+Configure.swift in Sources */ = {isa = PBXBuildFile; fileRef = 27077F0D1F10154900D82FA8 /* FileManager+Configure.swift */; };
		27077F321F10154900D82FA8 /* URL+Prefix.swift in Sources */ = {isa = PBXBuildFile; fileRef = 27077F0E1F10154900D82FA8 /* URL+Prefix.swift */; };
		27077F331F10154900D82FA8 /* URLRequest+Configure.swift in Sources */ = {isa = PBXBuildFile; fileRef = 27077F0F1F10154900D82FA8 /* URLRequest+Configure.swift */; };
		27077F341F10154900D82FA8 /* Info.plist in Resources */ = {isa = PBXBuildFile; fileRef = 27077F101F10154900D82FA8 /* Info.plist */; };
		27077F351F10154900D82FA8 /* VPKTableViewVideoPlaybackScrollable.swift in Sources */ = {isa = PBXBuildFile; fileRef = 27077F121F10154900D82FA8 /* VPKTableViewVideoPlaybackScrollable.swift */; };
		27077F361F10154900D82FA8 /* VPKVideoPlaybackInteractor.swift in Sources */ = {isa = PBXBuildFile; fileRef = 27077F131F10154900D82FA8 /* VPKVideoPlaybackInteractor.swift */; };
		27077F371F10154900D82FA8 /* ByteRange.swift in Sources */ = {isa = PBXBuildFile; fileRef = 27077F161F10154900D82FA8 /* ByteRange.swift */; };
		27077F381F10154900D82FA8 /* Requests.swift in Sources */ = {isa = PBXBuildFile; fileRef = 27077F171F10154900D82FA8 /* Requests.swift */; };
		27077F391F10154900D82FA8 /* VPKAssetResourceLoaderDelegate .swift in Sources */ = {isa = PBXBuildFile; fileRef = 27077F181F10154900D82FA8 /* VPKAssetResourceLoaderDelegate .swift */; };
		27077F3A1F10154900D82FA8 /* VPKTableViewPrefetchSynchronizer.swift in Sources */ = {isa = PBXBuildFile; fileRef = 27077F191F10154900D82FA8 /* VPKTableViewPrefetchSynchronizer.swift */; };
		27077F3B1F10154900D82FA8 /* VPKVideoRequestDownloader.swift in Sources */ = {isa = PBXBuildFile; fileRef = 27077F1A1F10154900D82FA8 /* VPKVideoRequestDownloader.swift */; };
		27077F3C1F10154900D82FA8 /* VPKPlayerDelegate.swift in Sources */ = {isa = PBXBuildFile; fileRef = 27077F1B1F10154900D82FA8 /* VPKPlayerDelegate.swift */; };
		27077F3D1F10154900D82FA8 /* VPKVideoPlaybackManager.swift in Sources */ = {isa = PBXBuildFile; fileRef = 27077F1C1F10154900D82FA8 /* VPKVideoPlaybackManager.swift */; };
		27077F411F10154900D82FA8 /* VPKVideoPlaybackPresenter.swift in Sources */ = {isa = PBXBuildFile; fileRef = 27077F241F10154900D82FA8 /* VPKVideoPlaybackPresenter.swift */; };
		27077F421F10154900D82FA8 /* VideoPlaybackKit.h in Headers */ = {isa = PBXBuildFile; fileRef = 27077F251F10154900D82FA8 /* VideoPlaybackKit.h */; };
		27077F431F10154900D82FA8 /* VideoViewAnimator.swift in Sources */ = {isa = PBXBuildFile; fileRef = 27077F281F10154900D82FA8 /* VideoViewAnimator.swift */; };
		27077F441F10154900D82FA8 /* VPKPlaybackControlView.swift in Sources */ = {isa = PBXBuildFile; fileRef = 27077F2A1F10154900D82FA8 /* VPKPlaybackControlView.swift */; };
		27077F451F10154900D82FA8 /* VPKVideoView.swift in Sources */ = {isa = PBXBuildFile; fileRef = 27077F2B1F10154900D82FA8 /* VPKVideoView.swift */; };
		27341E631F10009900C46383 /* VideoPlaybackKit.framework in Frameworks */ = {isa = PBXBuildFile; fileRef = 27341E591F10009900C46383 /* VideoPlaybackKit.framework */; };
		27341E681F10009900C46383 /* VideoPlaybackKitTests.swift in Sources */ = {isa = PBXBuildFile; fileRef = 27341E671F10009900C46383 /* VideoPlaybackKitTests.swift */; };
/* End PBXBuildFile section */

/* Begin PBXContainerItemProxy section */
		27341E641F10009900C46383 /* PBXContainerItemProxy */ = {
			isa = PBXContainerItemProxy;
			containerPortal = 27341E501F10009800C46383 /* Project object */;
			proxyType = 1;
			remoteGlobalIDString = 27341E581F10009900C46383;
			remoteInfo = VideoPlaybackKit;
		};
/* End PBXContainerItemProxy section */

/* Begin PBXFileReference section */
		27077F061F10154900D82FA8 /* VPKVideoPlaybackBuilder.swift */ = {isa = PBXFileReference; fileEncoding = 4; lastKnownFileType = sourcecode.swift; path = VPKVideoPlaybackBuilder.swift; sourceTree = "<group>"; };
		27077F081F10154900D82FA8 /* VPKColor.swift */ = {isa = PBXFileReference; fileEncoding = 4; lastKnownFileType = sourcecode.swift; path = VPKColor.swift; sourceTree = "<group>"; };
		27077F091F10154900D82FA8 /* VPKEnum.swift */ = {isa = PBXFileReference; fileEncoding = 4; lastKnownFileType = sourcecode.swift; path = VPKEnum.swift; sourceTree = "<group>"; };
		27077F0A1F10154900D82FA8 /* VPKPlayerContract.swift */ = {isa = PBXFileReference; fileEncoding = 4; lastKnownFileType = sourcecode.swift; path = VPKPlayerContract.swift; sourceTree = "<group>"; };
		27077F0C1F10154900D82FA8 /* AVContentInfoRequest.swift */ = {isa = PBXFileReference; fileEncoding = 4; lastKnownFileType = sourcecode.swift; path = AVContentInfoRequest.swift; sourceTree = "<group>"; };
		27077F0D1F10154900D82FA8 /* FileManager+Configure.swift */ = {isa = PBXFileReference; fileEncoding = 4; lastKnownFileType = sourcecode.swift; path = "FileManager+Configure.swift"; sourceTree = "<group>"; };
		27077F0E1F10154900D82FA8 /* URL+Prefix.swift */ = {isa = PBXFileReference; fileEncoding = 4; lastKnownFileType = sourcecode.swift; path = "URL+Prefix.swift"; sourceTree = "<group>"; };
		27077F0F1F10154900D82FA8 /* URLRequest+Configure.swift */ = {isa = PBXFileReference; fileEncoding = 4; lastKnownFileType = sourcecode.swift; path = "URLRequest+Configure.swift"; sourceTree = "<group>"; };
		27077F101F10154900D82FA8 /* Info.plist */ = {isa = PBXFileReference; fileEncoding = 4; lastKnownFileType = text.plist.xml; path = Info.plist; sourceTree = "<group>"; };
		27077F121F10154900D82FA8 /* VPKTableViewVideoPlaybackScrollable.swift */ = {isa = PBXFileReference; fileEncoding = 4; lastKnownFileType = sourcecode.swift; path = VPKTableViewVideoPlaybackScrollable.swift; sourceTree = "<group>"; };
		27077F131F10154900D82FA8 /* VPKVideoPlaybackInteractor.swift */ = {isa = PBXFileReference; fileEncoding = 4; lastKnownFileType = sourcecode.swift; path = VPKVideoPlaybackInteractor.swift; sourceTree = "<group>"; };
		27077F161F10154900D82FA8 /* ByteRange.swift */ = {isa = PBXFileReference; fileEncoding = 4; lastKnownFileType = sourcecode.swift; path = ByteRange.swift; sourceTree = "<group>"; };
		27077F171F10154900D82FA8 /* Requests.swift */ = {isa = PBXFileReference; fileEncoding = 4; lastKnownFileType = sourcecode.swift; path = Requests.swift; sourceTree = "<group>"; };
		27077F181F10154900D82FA8 /* VPKAssetResourceLoaderDelegate .swift */ = {isa = PBXFileReference; fileEncoding = 4; lastKnownFileType = sourcecode.swift; path = "VPKAssetResourceLoaderDelegate .swift"; sourceTree = "<group>"; };
		27077F191F10154900D82FA8 /* VPKTableViewPrefetchSynchronizer.swift */ = {isa = PBXFileReference; fileEncoding = 4; lastKnownFileType = sourcecode.swift; path = VPKTableViewPrefetchSynchronizer.swift; sourceTree = "<group>"; };
		27077F1A1F10154900D82FA8 /* VPKVideoRequestDownloader.swift */ = {isa = PBXFileReference; fileEncoding = 4; lastKnownFileType = sourcecode.swift; path = VPKVideoRequestDownloader.swift; sourceTree = "<group>"; };
		27077F1B1F10154900D82FA8 /* VPKPlayerDelegate.swift */ = {isa = PBXFileReference; fileEncoding = 4; lastKnownFileType = sourcecode.swift; path = VPKPlayerDelegate.swift; sourceTree = "<group>"; };
		27077F1C1F10154900D82FA8 /* VPKVideoPlaybackManager.swift */ = {isa = PBXFileReference; fileEncoding = 4; lastKnownFileType = sourcecode.swift; path = VPKVideoPlaybackManager.swift; sourceTree = "<group>"; };
		27077F241F10154900D82FA8 /* VPKVideoPlaybackPresenter.swift */ = {isa = PBXFileReference; fileEncoding = 4; lastKnownFileType = sourcecode.swift; path = VPKVideoPlaybackPresenter.swift; sourceTree = "<group>"; };
		27077F251F10154900D82FA8 /* VideoPlaybackKit.h */ = {isa = PBXFileReference; fileEncoding = 4; lastKnownFileType = sourcecode.c.h; path = VideoPlaybackKit.h; sourceTree = "<group>"; };
		27077F281F10154900D82FA8 /* VideoViewAnimator.swift */ = {isa = PBXFileReference; fileEncoding = 4; lastKnownFileType = sourcecode.swift; path = VideoViewAnimator.swift; sourceTree = "<group>"; };
		27077F2A1F10154900D82FA8 /* VPKPlaybackControlView.swift */ = {isa = PBXFileReference; fileEncoding = 4; lastKnownFileType = sourcecode.swift; path = VPKPlaybackControlView.swift; sourceTree = "<group>"; };
		27077F2B1F10154900D82FA8 /* VPKVideoView.swift */ = {isa = PBXFileReference; fileEncoding = 4; lastKnownFileType = sourcecode.swift; path = VPKVideoView.swift; sourceTree = "<group>"; };
		27341E591F10009900C46383 /* VideoPlaybackKit.framework */ = {isa = PBXFileReference; explicitFileType = wrapper.framework; includeInIndex = 0; path = VideoPlaybackKit.framework; sourceTree = BUILT_PRODUCTS_DIR; };
		27341E621F10009900C46383 /* VideoPlaybackKitTests.xctest */ = {isa = PBXFileReference; explicitFileType = wrapper.cfbundle; includeInIndex = 0; path = VideoPlaybackKitTests.xctest; sourceTree = BUILT_PRODUCTS_DIR; };
		27341E671F10009900C46383 /* VideoPlaybackKitTests.swift */ = {isa = PBXFileReference; lastKnownFileType = sourcecode.swift; path = VideoPlaybackKitTests.swift; sourceTree = "<group>"; };
		27341E691F10009900C46383 /* Info.plist */ = {isa = PBXFileReference; lastKnownFileType = text.plist.xml; path = Info.plist; sourceTree = "<group>"; };
/* End PBXFileReference section */

/* Begin PBXFrameworksBuildPhase section */
		27341E551F10009900C46383 /* Frameworks */ = {
			isa = PBXFrameworksBuildPhase;
			buildActionMask = 2147483647;
			files = (
			);
			runOnlyForDeploymentPostprocessing = 0;
		};
		27341E5F1F10009900C46383 /* Frameworks */ = {
			isa = PBXFrameworksBuildPhase;
			buildActionMask = 2147483647;
			files = (
				27341E631F10009900C46383 /* VideoPlaybackKit.framework in Frameworks */,
			);
			runOnlyForDeploymentPostprocessing = 0;
		};
/* End PBXFrameworksBuildPhase section */

/* Begin PBXGroup section */
		27077F051F10154900D82FA8 /* Builder */ = {
			isa = PBXGroup;
			children = (
				27077F061F10154900D82FA8 /* VPKVideoPlaybackBuilder.swift */,
			);
			path = Builder;
			sourceTree = "<group>";
		};
		27077F071F10154900D82FA8 /* Contract */ = {
			isa = PBXGroup;
			children = (
				27077F081F10154900D82FA8 /* VPKColor.swift */,
				27077F091F10154900D82FA8 /* VPKEnum.swift */,
				27077F0A1F10154900D82FA8 /* VPKPlayerContract.swift */,
			);
			path = Contract;
			sourceTree = "<group>";
		};
		27077F0B1F10154900D82FA8 /* Extensions */ = {
			isa = PBXGroup;
			children = (
				27077F0C1F10154900D82FA8 /* AVContentInfoRequest.swift */,
				27077F0D1F10154900D82FA8 /* FileManager+Configure.swift */,
				27077F0E1F10154900D82FA8 /* URL+Prefix.swift */,
				27077F0F1F10154900D82FA8 /* URLRequest+Configure.swift */,
			);
			path = Extensions;
			sourceTree = "<group>";
		};
		27077F111F10154900D82FA8 /* Interactor */ = {
			isa = PBXGroup;
			children = (
				27077F121F10154900D82FA8 /* VPKTableViewVideoPlaybackScrollable.swift */,
				27077F131F10154900D82FA8 /* VPKVideoPlaybackInteractor.swift */,
			);
			path = Interactor;
			sourceTree = "<group>";
		};
		27077F141F10154900D82FA8 /* Manager */ = {
			isa = PBXGroup;
			children = (
				27077F151F10154900D82FA8 /* Utils */,
				27077F1B1F10154900D82FA8 /* VPKPlayerDelegate.swift */,
				27077F1C1F10154900D82FA8 /* VPKVideoPlaybackManager.swift */,
			);
			path = Manager;
			sourceTree = "<group>";
		};
		27077F151F10154900D82FA8 /* Utils */ = {
			isa = PBXGroup;
			children = (
				27077F161F10154900D82FA8 /* ByteRange.swift */,
				27077F171F10154900D82FA8 /* Requests.swift */,
				27077F181F10154900D82FA8 /* VPKAssetResourceLoaderDelegate .swift */,
				27077F191F10154900D82FA8 /* VPKTableViewPrefetchSynchronizer.swift */,
				27077F1A1F10154900D82FA8 /* VPKVideoRequestDownloader.swift */,
			);
			path = Utils;
			sourceTree = "<group>";
		};
		27077F1D1F10154900D82FA8 /* Presenter */ = {
			isa = PBXGroup;
			children = (
				27077F241F10154900D82FA8 /* VPKVideoPlaybackPresenter.swift */,
			);
			path = Presenter;
			sourceTree = "<group>";
		};
		27077F261F10154900D82FA8 /* View */ = {
			isa = PBXGroup;
			children = (
				27077F271F10154900D82FA8 /* Animator */,
				27077F291F10154900D82FA8 /* Video */,
			);
			path = View;
			sourceTree = "<group>";
		};
		27077F271F10154900D82FA8 /* Animator */ = {
			isa = PBXGroup;
			children = (
				27077F281F10154900D82FA8 /* VideoViewAnimator.swift */,
			);
			path = Animator;
			sourceTree = "<group>";
		};
		27077F291F10154900D82FA8 /* Video */ = {
			isa = PBXGroup;
			children = (
				27077F2A1F10154900D82FA8 /* VPKPlaybackControlView.swift */,
				27077F2B1F10154900D82FA8 /* VPKVideoView.swift */,
			);
			path = Video;
			sourceTree = "<group>";
		};
		27341E4F1F10009800C46383 = {
			isa = PBXGroup;
			children = (
				27341E5B1F10009900C46383 /* VideoPlaybackKit */,
				27341E661F10009900C46383 /* VideoPlaybackKitTests */,
				27341E5A1F10009900C46383 /* Products */,
			);
			sourceTree = "<group>";
		};
		27341E5A1F10009900C46383 /* Products */ = {
			isa = PBXGroup;
			children = (
				27341E591F10009900C46383 /* VideoPlaybackKit.framework */,
				27341E621F10009900C46383 /* VideoPlaybackKitTests.xctest */,
			);
			name = Products;
			sourceTree = "<group>";
		};
		27341E5B1F10009900C46383 /* VideoPlaybackKit */ = {
			isa = PBXGroup;
			children = (
				27077F051F10154900D82FA8 /* Builder */,
				27077F071F10154900D82FA8 /* Contract */,
				27077F0B1F10154900D82FA8 /* Extensions */,
				27077F101F10154900D82FA8 /* Info.plist */,
				27077F111F10154900D82FA8 /* Interactor */,
				27077F141F10154900D82FA8 /* Manager */,
				27077F1D1F10154900D82FA8 /* Presenter */,
				27077F251F10154900D82FA8 /* VideoPlaybackKit.h */,
				27077F261F10154900D82FA8 /* View */,
			);
			path = VideoPlaybackKit;
			sourceTree = "<group>";
		};
		27341E661F10009900C46383 /* VideoPlaybackKitTests */ = {
			isa = PBXGroup;
			children = (
				27341E671F10009900C46383 /* VideoPlaybackKitTests.swift */,
				27341E691F10009900C46383 /* Info.plist */,
			);
			path = VideoPlaybackKitTests;
			sourceTree = "<group>";
		};
/* End PBXGroup section */

/* Begin PBXHeadersBuildPhase section */
		27341E561F10009900C46383 /* Headers */ = {
			isa = PBXHeadersBuildPhase;
			buildActionMask = 2147483647;
			files = (
				27077F421F10154900D82FA8 /* VideoPlaybackKit.h in Headers */,
			);
			runOnlyForDeploymentPostprocessing = 0;
		};
/* End PBXHeadersBuildPhase section */

/* Begin PBXNativeTarget section */
		27341E581F10009900C46383 /* VideoPlaybackKit */ = {
			isa = PBXNativeTarget;
			buildConfigurationList = 27341E6D1F10009900C46383 /* Build configuration list for PBXNativeTarget "VideoPlaybackKit" */;
			buildPhases = (
				27341E541F10009900C46383 /* Sources */,
				27341E551F10009900C46383 /* Frameworks */,
				27341E561F10009900C46383 /* Headers */,
				27341E571F10009900C46383 /* Resources */,
			);
			buildRules = (
			);
			dependencies = (
			);
			name = VideoPlaybackKit;
			productName = VideoPlaybackKit;
			productReference = 27341E591F10009900C46383 /* VideoPlaybackKit.framework */;
			productType = "com.apple.product-type.framework";
		};
		27341E611F10009900C46383 /* VideoPlaybackKitTests */ = {
			isa = PBXNativeTarget;
			buildConfigurationList = 27341E701F10009900C46383 /* Build configuration list for PBXNativeTarget "VideoPlaybackKitTests" */;
			buildPhases = (
				27341E5E1F10009900C46383 /* Sources */,
				27341E5F1F10009900C46383 /* Frameworks */,
				27341E601F10009900C46383 /* Resources */,
			);
			buildRules = (
			);
			dependencies = (
				27341E651F10009900C46383 /* PBXTargetDependency */,
			);
			name = VideoPlaybackKitTests;
			productName = VideoPlaybackKitTests;
			productReference = 27341E621F10009900C46383 /* VideoPlaybackKitTests.xctest */;
			productType = "com.apple.product-type.bundle.unit-test";
		};
/* End PBXNativeTarget section */

/* Begin PBXProject section */
		27341E501F10009800C46383 /* Project object */ = {
			isa = PBXProject;
			attributes = {
				LastSwiftUpdateCheck = 0830;
				LastUpgradeCheck = 0830;
				ORGANIZATIONNAME = ustwo;
				TargetAttributes = {
					27341E581F10009900C46383 = {
						CreatedOnToolsVersion = 8.3.3;
						DevelopmentTeam = WRHWKXLX7C;
						LastSwiftMigration = 0830;
						ProvisioningStyle = Automatic;
					};
					27341E611F10009900C46383 = {
						CreatedOnToolsVersion = 8.3.3;
						DevelopmentTeam = WRHWKXLX7C;
						ProvisioningStyle = Automatic;
					};
				};
			};
			buildConfigurationList = 27341E531F10009800C46383 /* Build configuration list for PBXProject "VideoPlaybackKit" */;
			compatibilityVersion = "Xcode 3.2";
			developmentRegion = English;
			hasScannedForEncodings = 0;
			knownRegions = (
				en,
			);
			mainGroup = 27341E4F1F10009800C46383;
			productRefGroup = 27341E5A1F10009900C46383 /* Products */;
			projectDirPath = "";
			projectRoot = "";
			targets = (
				27341E581F10009900C46383 /* VideoPlaybackKit */,
				27341E611F10009900C46383 /* VideoPlaybackKitTests */,
			);
		};
/* End PBXProject section */

/* Begin PBXResourcesBuildPhase section */
		27341E571F10009900C46383 /* Resources */ = {
			isa = PBXResourcesBuildPhase;
			buildActionMask = 2147483647;
			files = (
				27077F341F10154900D82FA8 /* Info.plist in Resources */,
			);
			runOnlyForDeploymentPostprocessing = 0;
		};
		27341E601F10009900C46383 /* Resources */ = {
			isa = PBXResourcesBuildPhase;
			buildActionMask = 2147483647;
			files = (
			);
			runOnlyForDeploymentPostprocessing = 0;
		};
/* End PBXResourcesBuildPhase section */

/* Begin PBXSourcesBuildPhase section */
		27341E541F10009900C46383 /* Sources */ = {
			isa = PBXSourcesBuildPhase;
			buildActionMask = 2147483647;
			files = (
				27077F451F10154900D82FA8 /* VPKVideoView.swift in Sources */,
				27077F391F10154900D82FA8 /* VPKAssetResourceLoaderDelegate .swift in Sources */,
				27077F441F10154900D82FA8 /* VPKPlaybackControlView.swift in Sources */,
				27077F2C1F10154900D82FA8 /* VPKVideoPlaybackBuilder.swift in Sources */,
				27077F3B1F10154900D82FA8 /* VPKVideoRequestDownloader.swift in Sources */,
				27077F3D1F10154900D82FA8 /* VPKVideoPlaybackManager.swift in Sources */,
				27077F2D1F10154900D82FA8 /* VPKColor.swift in Sources */,
				27077F311F10154900D82FA8 /* FileManager+Configure.swift in Sources */,
				27077F371F10154900D82FA8 /* ByteRange.swift in Sources */,
				27077F301F10154900D82FA8 /* AVContentInfoRequest.swift in Sources */,
				27077F3A1F10154900D82FA8 /* VPKTableViewPrefetchSynchronizer.swift in Sources */,
				27077F2F1F10154900D82FA8 /* VPKPlayerContract.swift in Sources */,
				27077F2E1F10154900D82FA8 /* VPKEnum.swift in Sources */,
				27077F331F10154900D82FA8 /* URLRequest+Configure.swift in Sources */,
				27077F3C1F10154900D82FA8 /* VPKPlayerDelegate.swift in Sources */,
				27077F351F10154900D82FA8 /* VPKTableViewVideoPlaybackScrollable.swift in Sources */,
				27077F381F10154900D82FA8 /* Requests.swift in Sources */,
				27077F361F10154900D82FA8 /* VPKVideoPlaybackInteractor.swift in Sources */,
				27077F431F10154900D82FA8 /* VideoViewAnimator.swift in Sources */,
				27077F411F10154900D82FA8 /* VPKVideoPlaybackPresenter.swift in Sources */,
				27077F321F10154900D82FA8 /* URL+Prefix.swift in Sources */,
			);
			runOnlyForDeploymentPostprocessing = 0;
		};
		27341E5E1F10009900C46383 /* Sources */ = {
			isa = PBXSourcesBuildPhase;
			buildActionMask = 2147483647;
			files = (
				27341E681F10009900C46383 /* VideoPlaybackKitTests.swift in Sources */,
			);
			runOnlyForDeploymentPostprocessing = 0;
		};
/* End PBXSourcesBuildPhase section */

/* Begin PBXTargetDependency section */
		27341E651F10009900C46383 /* PBXTargetDependency */ = {
			isa = PBXTargetDependency;
			target = 27341E581F10009900C46383 /* VideoPlaybackKit */;
			targetProxy = 27341E641F10009900C46383 /* PBXContainerItemProxy */;
		};
/* End PBXTargetDependency section */

/* Begin XCBuildConfiguration section */
		27341E6B1F10009900C46383 /* Debug */ = {
			isa = XCBuildConfiguration;
			buildSettings = {
				ALWAYS_SEARCH_USER_PATHS = NO;
				CLANG_ANALYZER_NONNULL = YES;
				CLANG_ANALYZER_NUMBER_OBJECT_CONVERSION = YES_AGGRESSIVE;
				CLANG_CXX_LANGUAGE_STANDARD = "gnu++0x";
				CLANG_CXX_LIBRARY = "libc++";
				CLANG_ENABLE_MODULES = YES;
				CLANG_ENABLE_OBJC_ARC = YES;
				CLANG_WARN_BOOL_CONVERSION = YES;
				CLANG_WARN_CONSTANT_CONVERSION = YES;
				CLANG_WARN_DIRECT_OBJC_ISA_USAGE = YES_ERROR;
				CLANG_WARN_DOCUMENTATION_COMMENTS = YES;
				CLANG_WARN_EMPTY_BODY = YES;
				CLANG_WARN_ENUM_CONVERSION = YES;
				CLANG_WARN_INFINITE_RECURSION = YES;
				CLANG_WARN_INT_CONVERSION = YES;
				CLANG_WARN_OBJC_ROOT_CLASS = YES_ERROR;
				CLANG_WARN_SUSPICIOUS_MOVE = YES;
				CLANG_WARN_UNREACHABLE_CODE = YES;
				CLANG_WARN__DUPLICATE_METHOD_MATCH = YES;
				"CODE_SIGN_IDENTITY[sdk=iphoneos*]" = "iPhone Developer";
				COPY_PHASE_STRIP = NO;
				CURRENT_PROJECT_VERSION = 1;
				DEBUG_INFORMATION_FORMAT = dwarf;
				ENABLE_STRICT_OBJC_MSGSEND = YES;
				ENABLE_TESTABILITY = YES;
				GCC_C_LANGUAGE_STANDARD = gnu99;
				GCC_DYNAMIC_NO_PIC = NO;
				GCC_NO_COMMON_BLOCKS = YES;
				GCC_OPTIMIZATION_LEVEL = 0;
				GCC_PREPROCESSOR_DEFINITIONS = (
					"DEBUG=1",
					"$(inherited)",
				);
				GCC_WARN_64_TO_32_BIT_CONVERSION = YES;
				GCC_WARN_ABOUT_RETURN_TYPE = YES_ERROR;
				GCC_WARN_UNDECLARED_SELECTOR = YES;
				GCC_WARN_UNINITIALIZED_AUTOS = YES_AGGRESSIVE;
				GCC_WARN_UNUSED_FUNCTION = YES;
				GCC_WARN_UNUSED_VARIABLE = YES;
				IPHONEOS_DEPLOYMENT_TARGET = 10.3;
				MTL_ENABLE_DEBUG_INFO = YES;
				ONLY_ACTIVE_ARCH = YES;
				SDKROOT = iphoneos;
				SWIFT_ACTIVE_COMPILATION_CONDITIONS = DEBUG;
				SWIFT_OPTIMIZATION_LEVEL = "-Onone";
				TARGETED_DEVICE_FAMILY = "1,2";
				VERSIONING_SYSTEM = "apple-generic";
				VERSION_INFO_PREFIX = "";
			};
			name = Debug;
		};
		27341E6C1F10009900C46383 /* Release */ = {
			isa = XCBuildConfiguration;
			buildSettings = {
				ALWAYS_SEARCH_USER_PATHS = NO;
				CLANG_ANALYZER_NONNULL = YES;
				CLANG_ANALYZER_NUMBER_OBJECT_CONVERSION = YES_AGGRESSIVE;
				CLANG_CXX_LANGUAGE_STANDARD = "gnu++0x";
				CLANG_CXX_LIBRARY = "libc++";
				CLANG_ENABLE_MODULES = YES;
				CLANG_ENABLE_OBJC_ARC = YES;
				CLANG_WARN_BOOL_CONVERSION = YES;
				CLANG_WARN_CONSTANT_CONVERSION = YES;
				CLANG_WARN_DIRECT_OBJC_ISA_USAGE = YES_ERROR;
				CLANG_WARN_DOCUMENTATION_COMMENTS = YES;
				CLANG_WARN_EMPTY_BODY = YES;
				CLANG_WARN_ENUM_CONVERSION = YES;
				CLANG_WARN_INFINITE_RECURSION = YES;
				CLANG_WARN_INT_CONVERSION = YES;
				CLANG_WARN_OBJC_ROOT_CLASS = YES_ERROR;
				CLANG_WARN_SUSPICIOUS_MOVE = YES;
				CLANG_WARN_UNREACHABLE_CODE = YES;
				CLANG_WARN__DUPLICATE_METHOD_MATCH = YES;
				"CODE_SIGN_IDENTITY[sdk=iphoneos*]" = "iPhone Developer";
				COPY_PHASE_STRIP = NO;
				CURRENT_PROJECT_VERSION = 1;
				DEBUG_INFORMATION_FORMAT = "dwarf-with-dsym";
				ENABLE_NS_ASSERTIONS = NO;
				ENABLE_STRICT_OBJC_MSGSEND = YES;
				GCC_C_LANGUAGE_STANDARD = gnu99;
				GCC_NO_COMMON_BLOCKS = YES;
				GCC_WARN_64_TO_32_BIT_CONVERSION = YES;
				GCC_WARN_ABOUT_RETURN_TYPE = YES_ERROR;
				GCC_WARN_UNDECLARED_SELECTOR = YES;
				GCC_WARN_UNINITIALIZED_AUTOS = YES_AGGRESSIVE;
				GCC_WARN_UNUSED_FUNCTION = YES;
				GCC_WARN_UNUSED_VARIABLE = YES;
				IPHONEOS_DEPLOYMENT_TARGET = 10.3;
				MTL_ENABLE_DEBUG_INFO = NO;
				SDKROOT = iphoneos;
				SWIFT_OPTIMIZATION_LEVEL = "-Owholemodule";
				TARGETED_DEVICE_FAMILY = "1,2";
				VALIDATE_PRODUCT = YES;
				VERSIONING_SYSTEM = "apple-generic";
				VERSION_INFO_PREFIX = "";
			};
			name = Release;
		};
		27341E6E1F10009900C46383 /* Debug */ = {
			isa = XCBuildConfiguration;
			buildSettings = {
				CLANG_ENABLE_MODULES = YES;
				CODE_SIGN_IDENTITY = "";
				DEFINES_MODULE = YES;
				DEVELOPMENT_TEAM = WRHWKXLX7C;
				DYLIB_COMPATIBILITY_VERSION = 1;
				DYLIB_CURRENT_VERSION = 1;
				DYLIB_INSTALL_NAME_BASE = "@rpath";
				INFOPLIST_FILE = VideoPlaybackKit/Info.plist;
				INSTALL_PATH = "$(LOCAL_LIBRARY_DIR)/Frameworks";
				LD_RUNPATH_SEARCH_PATHS = "$(inherited) @executable_path/Frameworks @loader_path/Frameworks";
				PRODUCT_BUNDLE_IDENTIFIER = ustwo.com.VideoPlaybackKit;
				PRODUCT_NAME = "$(TARGET_NAME)";
				SKIP_INSTALL = YES;
				SWIFT_OPTIMIZATION_LEVEL = "-Onone";
				SWIFT_VERSION = 3.0;
			};
			name = Debug;
		};
		27341E6F1F10009900C46383 /* Release */ = {
			isa = XCBuildConfiguration;
			buildSettings = {
				CLANG_ENABLE_MODULES = YES;
				CODE_SIGN_IDENTITY = "";
				DEFINES_MODULE = YES;
				DEVELOPMENT_TEAM = WRHWKXLX7C;
				DYLIB_COMPATIBILITY_VERSION = 1;
				DYLIB_CURRENT_VERSION = 1;
				DYLIB_INSTALL_NAME_BASE = "@rpath";
				INFOPLIST_FILE = VideoPlaybackKit/Info.plist;
				INSTALL_PATH = "$(LOCAL_LIBRARY_DIR)/Frameworks";
				LD_RUNPATH_SEARCH_PATHS = "$(inherited) @executable_path/Frameworks @loader_path/Frameworks";
				PRODUCT_BUNDLE_IDENTIFIER = ustwo.com.VideoPlaybackKit;
				PRODUCT_NAME = "$(TARGET_NAME)";
				SKIP_INSTALL = YES;
				SWIFT_VERSION = 3.0;
			};
			name = Release;
		};
		27341E711F10009900C46383 /* Debug */ = {
			isa = XCBuildConfiguration;
			buildSettings = {
				ALWAYS_EMBED_SWIFT_STANDARD_LIBRARIES = YES;
				DEVELOPMENT_TEAM = WRHWKXLX7C;
				INFOPLIST_FILE = VideoPlaybackKitTests/Info.plist;
				LD_RUNPATH_SEARCH_PATHS = "$(inherited) @executable_path/Frameworks @loader_path/Frameworks";
				PRODUCT_BUNDLE_IDENTIFIER = ustwo.com.VideoPlaybackKitTests;
				PRODUCT_NAME = "$(TARGET_NAME)";
				SWIFT_VERSION = 3.0;
			};
			name = Debug;
		};
		27341E721F10009900C46383 /* Release */ = {
			isa = XCBuildConfiguration;
			buildSettings = {
				ALWAYS_EMBED_SWIFT_STANDARD_LIBRARIES = YES;
				DEVELOPMENT_TEAM = WRHWKXLX7C;
				INFOPLIST_FILE = VideoPlaybackKitTests/Info.plist;
				LD_RUNPATH_SEARCH_PATHS = "$(inherited) @executable_path/Frameworks @loader_path/Frameworks";
				PRODUCT_BUNDLE_IDENTIFIER = ustwo.com.VideoPlaybackKitTests;
				PRODUCT_NAME = "$(TARGET_NAME)";
				SWIFT_VERSION = 3.0;
			};
			name = Release;
		};
/* End XCBuildConfiguration section */

/* Begin XCConfigurationList section */
		27341E531F10009800C46383 /* Build configuration list for PBXProject "VideoPlaybackKit" */ = {
			isa = XCConfigurationList;
			buildConfigurations = (
				27341E6B1F10009900C46383 /* Debug */,
				27341E6C1F10009900C46383 /* Release */,
			);
			defaultConfigurationIsVisible = 0;
			defaultConfigurationName = Release;
		};
		27341E6D1F10009900C46383 /* Build configuration list for PBXNativeTarget "VideoPlaybackKit" */ = {
			isa = XCConfigurationList;
			buildConfigurations = (
				27341E6E1F10009900C46383 /* Debug */,
				27341E6F1F10009900C46383 /* Release */,
			);
			defaultConfigurationIsVisible = 0;
			defaultConfigurationName = Release;
		};
		27341E701F10009900C46383 /* Build configuration list for PBXNativeTarget "VideoPlaybackKitTests" */ = {
			isa = XCConfigurationList;
			buildConfigurations = (
				27341E711F10009900C46383 /* Debug */,
				27341E721F10009900C46383 /* Release */,
			);
			defaultConfigurationIsVisible = 0;
			defaultConfigurationName = Release;
		};
/* End XCConfigurationList section */
	};
	rootObject = 27341E501F10009800C46383 /* Project object */;
}
