// !$*UTF8*$!
{
	archiveVersion = 1;
	classes = {
	};
	objectVersion = 46;
	objects = {

/* Begin PBXBuildFile section */
		27CC147C1F5DB85B00452C38 /* VideoPlaybackKit.framework in Frameworks */ = {isa = PBXBuildFile; fileRef = 27CC14721F5DB85A00452C38 /* VideoPlaybackKit.framework */; };
		27CC14811F5DB85B00452C38 /* VideoPlaybackKitTests.swift in Sources */ = {isa = PBXBuildFile; fileRef = 27CC14801F5DB85B00452C38 /* VideoPlaybackKitTests.swift */; };
		27CC14831F5DB85B00452C38 /* VideoPlaybackKit.h in Headers */ = {isa = PBXBuildFile; fileRef = 27CC14751F5DB85A00452C38 /* VideoPlaybackKit.h */; settings = {ATTRIBUTES = (Public, ); }; };
		27CC14AC1F5DB8D800452C38 /* VPKVideoPlaybackBuilder.swift in Sources */ = {isa = PBXBuildFile; fileRef = 27CC148D1F5DB8D800452C38 /* VPKVideoPlaybackBuilder.swift */; };
		27CC14AD1F5DB8D800452C38 /* VPKColor.swift in Sources */ = {isa = PBXBuildFile; fileRef = 27CC148F1F5DB8D800452C38 /* VPKColor.swift */; };
		27CC14AE1F5DB8D800452C38 /* VPKEnum.swift in Sources */ = {isa = PBXBuildFile; fileRef = 27CC14901F5DB8D800452C38 /* VPKEnum.swift */; };
		27CC14AF1F5DB8D800452C38 /* VPKPlayerContract.swift in Sources */ = {isa = PBXBuildFile; fileRef = 27CC14911F5DB8D800452C38 /* VPKPlayerContract.swift */; };
		27CC14B01F5DB8D800452C38 /* AVContentInfoRequest.swift in Sources */ = {isa = PBXBuildFile; fileRef = 27CC14931F5DB8D800452C38 /* AVContentInfoRequest.swift */; };
		27CC14B11F5DB8D800452C38 /* FileManager+Configure.swift in Sources */ = {isa = PBXBuildFile; fileRef = 27CC14941F5DB8D800452C38 /* FileManager+Configure.swift */; };
		27CC14B21F5DB8D800452C38 /* URL+Prefix.swift in Sources */ = {isa = PBXBuildFile; fileRef = 27CC14951F5DB8D800452C38 /* URL+Prefix.swift */; };
		27CC14B31F5DB8D800452C38 /* URLRequest+Configure.swift in Sources */ = {isa = PBXBuildFile; fileRef = 27CC14961F5DB8D800452C38 /* URLRequest+Configure.swift */; };
		27CC14B41F5DB8D800452C38 /* VPKTableViewVideoPlaybackScrollable.swift in Sources */ = {isa = PBXBuildFile; fileRef = 27CC14981F5DB8D800452C38 /* VPKTableViewVideoPlaybackScrollable.swift */; };
		27CC14B51F5DB8D800452C38 /* VPKVideoPlaybackInteractor.swift in Sources */ = {isa = PBXBuildFile; fileRef = 27CC14991F5DB8D800452C38 /* VPKVideoPlaybackInteractor.swift */; };
		27CC14B61F5DB8D800452C38 /* ByteRange.swift in Sources */ = {isa = PBXBuildFile; fileRef = 27CC149C1F5DB8D800452C38 /* ByteRange.swift */; };
		27CC14B71F5DB8D800452C38 /* Requests.swift in Sources */ = {isa = PBXBuildFile; fileRef = 27CC149D1F5DB8D800452C38 /* Requests.swift */; };
		27CC14B81F5DB8D800452C38 /* VPKAssetResourceLoaderDelegate .swift in Sources */ = {isa = PBXBuildFile; fileRef = 27CC149E1F5DB8D800452C38 /* VPKAssetResourceLoaderDelegate .swift */; };
		27CC14B91F5DB8D800452C38 /* VPKTableViewPrefetchSynchronizer.swift in Sources */ = {isa = PBXBuildFile; fileRef = 27CC149F1F5DB8D800452C38 /* VPKTableViewPrefetchSynchronizer.swift */; };
		27CC14BA1F5DB8D800452C38 /* VPKVideoRequestDownloader.swift in Sources */ = {isa = PBXBuildFile; fileRef = 27CC14A01F5DB8D800452C38 /* VPKVideoRequestDownloader.swift */; };
		27CC14BB1F5DB8D800452C38 /* VPKPlayerDelegate.swift in Sources */ = {isa = PBXBuildFile; fileRef = 27CC14A11F5DB8D800452C38 /* VPKPlayerDelegate.swift */; };
		27CC14BC1F5DB8D800452C38 /* VPKVideoPlaybackManager.swift in Sources */ = {isa = PBXBuildFile; fileRef = 27CC14A21F5DB8D800452C38 /* VPKVideoPlaybackManager.swift */; };
		27CC14BD1F5DB8D800452C38 /* VPKVideoPlaybackPresenter.swift in Sources */ = {isa = PBXBuildFile; fileRef = 27CC14A41F5DB8D800452C38 /* VPKVideoPlaybackPresenter.swift */; };
		27CC14BE1F5DB8D800452C38 /* PlaybackControlViewAnimator.swift in Sources */ = {isa = PBXBuildFile; fileRef = 27CC14A71F5DB8D800452C38 /* PlaybackControlViewAnimator.swift */; };
		27CC14BF1F5DB8D800452C38 /* VideoViewAnimator.swift in Sources */ = {isa = PBXBuildFile; fileRef = 27CC14A81F5DB8D800452C38 /* VideoViewAnimator.swift */; };
		27CC14C01F5DB8D800452C38 /* VPKPlaybackControlView.swift in Sources */ = {isa = PBXBuildFile; fileRef = 27CC14AA1F5DB8D800452C38 /* VPKPlaybackControlView.swift */; };
		27CC14C11F5DB8D800452C38 /* VPKVideoView.swift in Sources */ = {isa = PBXBuildFile; fileRef = 27CC14AB1F5DB8D800452C38 /* VPKVideoView.swift */; };
		6D890A47359D54CAECB2FB21 /* Pods_VideoPlaybackKit.framework in Frameworks */ = {isa = PBXBuildFile; fileRef = BA1F7C177C4338FDC1DC1D7A /* Pods_VideoPlaybackKit.framework */; };
/* End PBXBuildFile section */

/* Begin PBXContainerItemProxy section */
		27CC147D1F5DB85B00452C38 /* PBXContainerItemProxy */ = {
			isa = PBXContainerItemProxy;
			containerPortal = 27CC14691F5DB85A00452C38 /* Project object */;
			proxyType = 1;
			remoteGlobalIDString = 27CC14711F5DB85A00452C38;
			remoteInfo = VideoPlaybackKit;
		};
/* End PBXContainerItemProxy section */

/* Begin PBXFileReference section */
		243CEFEE69FEFF710CAA8FF2 /* Pods-VideoPlaybackKit.debug.xcconfig */ = {isa = PBXFileReference; includeInIndex = 1; lastKnownFileType = text.xcconfig; name = "Pods-VideoPlaybackKit.debug.xcconfig"; path = "Pods/Target Support Files/Pods-VideoPlaybackKit/Pods-VideoPlaybackKit.debug.xcconfig"; sourceTree = "<group>"; };
		27CC14721F5DB85A00452C38 /* VideoPlaybackKit.framework */ = {isa = PBXFileReference; explicitFileType = wrapper.framework; includeInIndex = 0; path = VideoPlaybackKit.framework; sourceTree = BUILT_PRODUCTS_DIR; };
		27CC14751F5DB85A00452C38 /* VideoPlaybackKit.h */ = {isa = PBXFileReference; lastKnownFileType = sourcecode.c.h; path = VideoPlaybackKit.h; sourceTree = "<group>"; };
		27CC14761F5DB85A00452C38 /* Info.plist */ = {isa = PBXFileReference; lastKnownFileType = text.plist.xml; path = Info.plist; sourceTree = "<group>"; };
		27CC147B1F5DB85B00452C38 /* VideoPlaybackKitTests.xctest */ = {isa = PBXFileReference; explicitFileType = wrapper.cfbundle; includeInIndex = 0; path = VideoPlaybackKitTests.xctest; sourceTree = BUILT_PRODUCTS_DIR; };
		27CC14801F5DB85B00452C38 /* VideoPlaybackKitTests.swift */ = {isa = PBXFileReference; lastKnownFileType = sourcecode.swift; path = VideoPlaybackKitTests.swift; sourceTree = "<group>"; };
		27CC14821F5DB85B00452C38 /* Info.plist */ = {isa = PBXFileReference; lastKnownFileType = text.plist.xml; path = Info.plist; sourceTree = "<group>"; };
		27CC148D1F5DB8D800452C38 /* VPKVideoPlaybackBuilder.swift */ = {isa = PBXFileReference; fileEncoding = 4; lastKnownFileType = sourcecode.swift; path = VPKVideoPlaybackBuilder.swift; sourceTree = "<group>"; };
		27CC148F1F5DB8D800452C38 /* VPKColor.swift */ = {isa = PBXFileReference; fileEncoding = 4; lastKnownFileType = sourcecode.swift; path = VPKColor.swift; sourceTree = "<group>"; };
		27CC14901F5DB8D800452C38 /* VPKEnum.swift */ = {isa = PBXFileReference; fileEncoding = 4; lastKnownFileType = sourcecode.swift; path = VPKEnum.swift; sourceTree = "<group>"; };
		27CC14911F5DB8D800452C38 /* VPKPlayerContract.swift */ = {isa = PBXFileReference; fileEncoding = 4; lastKnownFileType = sourcecode.swift; path = VPKPlayerContract.swift; sourceTree = "<group>"; };
		27CC14931F5DB8D800452C38 /* AVContentInfoRequest.swift */ = {isa = PBXFileReference; fileEncoding = 4; lastKnownFileType = sourcecode.swift; path = AVContentInfoRequest.swift; sourceTree = "<group>"; };
		27CC14941F5DB8D800452C38 /* FileManager+Configure.swift */ = {isa = PBXFileReference; fileEncoding = 4; lastKnownFileType = sourcecode.swift; path = "FileManager+Configure.swift"; sourceTree = "<group>"; };
		27CC14951F5DB8D800452C38 /* URL+Prefix.swift */ = {isa = PBXFileReference; fileEncoding = 4; lastKnownFileType = sourcecode.swift; path = "URL+Prefix.swift"; sourceTree = "<group>"; };
		27CC14961F5DB8D800452C38 /* URLRequest+Configure.swift */ = {isa = PBXFileReference; fileEncoding = 4; lastKnownFileType = sourcecode.swift; path = "URLRequest+Configure.swift"; sourceTree = "<group>"; };
		27CC14981F5DB8D800452C38 /* VPKTableViewVideoPlaybackScrollable.swift */ = {isa = PBXFileReference; fileEncoding = 4; lastKnownFileType = sourcecode.swift; path = VPKTableViewVideoPlaybackScrollable.swift; sourceTree = "<group>"; };
		27CC14991F5DB8D800452C38 /* VPKVideoPlaybackInteractor.swift */ = {isa = PBXFileReference; fileEncoding = 4; lastKnownFileType = sourcecode.swift; path = VPKVideoPlaybackInteractor.swift; sourceTree = "<group>"; };
		27CC149C1F5DB8D800452C38 /* ByteRange.swift */ = {isa = PBXFileReference; fileEncoding = 4; lastKnownFileType = sourcecode.swift; path = ByteRange.swift; sourceTree = "<group>"; };
		27CC149D1F5DB8D800452C38 /* Requests.swift */ = {isa = PBXFileReference; fileEncoding = 4; lastKnownFileType = sourcecode.swift; path = Requests.swift; sourceTree = "<group>"; };
		27CC149E1F5DB8D800452C38 /* VPKAssetResourceLoaderDelegate .swift */ = {isa = PBXFileReference; fileEncoding = 4; lastKnownFileType = sourcecode.swift; path = "VPKAssetResourceLoaderDelegate .swift"; sourceTree = "<group>"; };
		27CC149F1F5DB8D800452C38 /* VPKTableViewPrefetchSynchronizer.swift */ = {isa = PBXFileReference; fileEncoding = 4; lastKnownFileType = sourcecode.swift; path = VPKTableViewPrefetchSynchronizer.swift; sourceTree = "<group>"; };
		27CC14A01F5DB8D800452C38 /* VPKVideoRequestDownloader.swift */ = {isa = PBXFileReference; fileEncoding = 4; lastKnownFileType = sourcecode.swift; path = VPKVideoRequestDownloader.swift; sourceTree = "<group>"; };
		27CC14A11F5DB8D800452C38 /* VPKPlayerDelegate.swift */ = {isa = PBXFileReference; fileEncoding = 4; lastKnownFileType = sourcecode.swift; path = VPKPlayerDelegate.swift; sourceTree = "<group>"; };
		27CC14A21F5DB8D800452C38 /* VPKVideoPlaybackManager.swift */ = {isa = PBXFileReference; fileEncoding = 4; lastKnownFileType = sourcecode.swift; path = VPKVideoPlaybackManager.swift; sourceTree = "<group>"; };
		27CC14A41F5DB8D800452C38 /* VPKVideoPlaybackPresenter.swift */ = {isa = PBXFileReference; fileEncoding = 4; lastKnownFileType = sourcecode.swift; path = VPKVideoPlaybackPresenter.swift; sourceTree = "<group>"; };
		27CC14A71F5DB8D800452C38 /* PlaybackControlViewAnimator.swift */ = {isa = PBXFileReference; fileEncoding = 4; lastKnownFileType = sourcecode.swift; path = PlaybackControlViewAnimator.swift; sourceTree = "<group>"; };
		27CC14A81F5DB8D800452C38 /* VideoViewAnimator.swift */ = {isa = PBXFileReference; fileEncoding = 4; lastKnownFileType = sourcecode.swift; path = VideoViewAnimator.swift; sourceTree = "<group>"; };
		27CC14AA1F5DB8D800452C38 /* VPKPlaybackControlView.swift */ = {isa = PBXFileReference; fileEncoding = 4; lastKnownFileType = sourcecode.swift; path = VPKPlaybackControlView.swift; sourceTree = "<group>"; };
		27CC14AB1F5DB8D800452C38 /* VPKVideoView.swift */ = {isa = PBXFileReference; fileEncoding = 4; lastKnownFileType = sourcecode.swift; path = VPKVideoView.swift; sourceTree = "<group>"; };
		93EDD4B50E7C12EF00BC51FE /* Pods-VideoPlaybackKit.release.xcconfig */ = {isa = PBXFileReference; includeInIndex = 1; lastKnownFileType = text.xcconfig; name = "Pods-VideoPlaybackKit.release.xcconfig"; path = "Pods/Target Support Files/Pods-VideoPlaybackKit/Pods-VideoPlaybackKit.release.xcconfig"; sourceTree = "<group>"; };
		BA1F7C177C4338FDC1DC1D7A /* Pods_VideoPlaybackKit.framework */ = {isa = PBXFileReference; explicitFileType = wrapper.framework; includeInIndex = 0; path = Pods_VideoPlaybackKit.framework; sourceTree = BUILT_PRODUCTS_DIR; };
/* End PBXFileReference section */

/* Begin PBXFrameworksBuildPhase section */
		27CC146E1F5DB85A00452C38 /* Frameworks */ = {
			isa = PBXFrameworksBuildPhase;
			buildActionMask = 2147483647;
			files = (
				6D890A47359D54CAECB2FB21 /* Pods_VideoPlaybackKit.framework in Frameworks */,
			);
			runOnlyForDeploymentPostprocessing = 0;
		};
		27CC14781F5DB85B00452C38 /* Frameworks */ = {
			isa = PBXFrameworksBuildPhase;
			buildActionMask = 2147483647;
			files = (
				27CC147C1F5DB85B00452C38 /* VideoPlaybackKit.framework in Frameworks */,
			);
			runOnlyForDeploymentPostprocessing = 0;
		};
/* End PBXFrameworksBuildPhase section */

/* Begin PBXGroup section */
		27CC14681F5DB85A00452C38 = {
			isa = PBXGroup;
			children = (
				27CC14741F5DB85A00452C38 /* VideoPlaybackKit */,
				27CC147F1F5DB85B00452C38 /* VideoPlaybackKitTests */,
				27CC14731F5DB85A00452C38 /* Products */,
				416E866E0AA0328049B24FE7 /* Pods */,
				36948C6148D9F27BCBFC8437 /* Frameworks */,
			);
			sourceTree = "<group>";
		};
		27CC14731F5DB85A00452C38 /* Products */ = {
			isa = PBXGroup;
			children = (
				27CC14721F5DB85A00452C38 /* VideoPlaybackKit.framework */,
				27CC147B1F5DB85B00452C38 /* VideoPlaybackKitTests.xctest */,
			);
			name = Products;
			sourceTree = "<group>";
		};
		27CC14741F5DB85A00452C38 /* VideoPlaybackKit */ = {
			isa = PBXGroup;
			children = (
				27CC14751F5DB85A00452C38 /* VideoPlaybackKit.h */,
				27CC148C1F5DB8D800452C38 /* Builder */,
				27CC148E1F5DB8D800452C38 /* Contract */,
				27CC14921F5DB8D800452C38 /* Extensions */,
				27CC14971F5DB8D800452C38 /* Interactor */,
				27CC149A1F5DB8D800452C38 /* Manager */,
				27CC14A31F5DB8D800452C38 /* Presenter */,
				27CC14A51F5DB8D800452C38 /* View */,
				27CC14761F5DB85A00452C38 /* Info.plist */,
			);
			path = VideoPlaybackKit;
			sourceTree = "<group>";
		};
		27CC147F1F5DB85B00452C38 /* VideoPlaybackKitTests */ = {
			isa = PBXGroup;
			children = (
				27CC14801F5DB85B00452C38 /* VideoPlaybackKitTests.swift */,
				27CC14821F5DB85B00452C38 /* Info.plist */,
			);
			path = VideoPlaybackKitTests;
			sourceTree = "<group>";
		};
		27CC148C1F5DB8D800452C38 /* Builder */ = {
			isa = PBXGroup;
			children = (
				27CC148D1F5DB8D800452C38 /* VPKVideoPlaybackBuilder.swift */,
			);
			path = Builder;
			sourceTree = "<group>";
		};
		27CC148E1F5DB8D800452C38 /* Contract */ = {
			isa = PBXGroup;
			children = (
				27CC148F1F5DB8D800452C38 /* VPKColor.swift */,
				27CC14901F5DB8D800452C38 /* VPKEnum.swift */,
				27CC14911F5DB8D800452C38 /* VPKPlayerContract.swift */,
			);
			path = Contract;
			sourceTree = "<group>";
		};
		27CC14921F5DB8D800452C38 /* Extensions */ = {
			isa = PBXGroup;
			children = (
				27CC14931F5DB8D800452C38 /* AVContentInfoRequest.swift */,
				27CC14941F5DB8D800452C38 /* FileManager+Configure.swift */,
				27CC14951F5DB8D800452C38 /* URL+Prefix.swift */,
				27CC14961F5DB8D800452C38 /* URLRequest+Configure.swift */,
			);
			path = Extensions;
			sourceTree = "<group>";
		};
		27CC14971F5DB8D800452C38 /* Interactor */ = {
			isa = PBXGroup;
			children = (
				27CC14981F5DB8D800452C38 /* VPKTableViewVideoPlaybackScrollable.swift */,
				27CC14991F5DB8D800452C38 /* VPKVideoPlaybackInteractor.swift */,
			);
			path = Interactor;
			sourceTree = "<group>";
		};
		27CC149A1F5DB8D800452C38 /* Manager */ = {
			isa = PBXGroup;
			children = (
				27CC149B1F5DB8D800452C38 /* Utils */,
				27CC14A11F5DB8D800452C38 /* VPKPlayerDelegate.swift */,
				27CC14A21F5DB8D800452C38 /* VPKVideoPlaybackManager.swift */,
			);
			path = Manager;
			sourceTree = "<group>";
		};
		27CC149B1F5DB8D800452C38 /* Utils */ = {
			isa = PBXGroup;
			children = (
				27CC149C1F5DB8D800452C38 /* ByteRange.swift */,
				27CC149D1F5DB8D800452C38 /* Requests.swift */,
				27CC149E1F5DB8D800452C38 /* VPKAssetResourceLoaderDelegate .swift */,
				27CC149F1F5DB8D800452C38 /* VPKTableViewPrefetchSynchronizer.swift */,
				27CC14A01F5DB8D800452C38 /* VPKVideoRequestDownloader.swift */,
			);
			path = Utils;
			sourceTree = "<group>";
		};
		27CC14A31F5DB8D800452C38 /* Presenter */ = {
			isa = PBXGroup;
			children = (
				27CC14A41F5DB8D800452C38 /* VPKVideoPlaybackPresenter.swift */,
			);
			path = Presenter;
			sourceTree = "<group>";
		};
		27CC14A51F5DB8D800452C38 /* View */ = {
			isa = PBXGroup;
			children = (
				27CC14A61F5DB8D800452C38 /* Animator */,
				27CC14A91F5DB8D800452C38 /* Video */,
			);
			path = View;
			sourceTree = "<group>";
		};
		27CC14A61F5DB8D800452C38 /* Animator */ = {
			isa = PBXGroup;
			children = (
				27CC14A71F5DB8D800452C38 /* PlaybackControlViewAnimator.swift */,
				27CC14A81F5DB8D800452C38 /* VideoViewAnimator.swift */,
			);
			path = Animator;
			sourceTree = "<group>";
		};
		27CC14A91F5DB8D800452C38 /* Video */ = {
			isa = PBXGroup;
			children = (
				27CC14AA1F5DB8D800452C38 /* VPKPlaybackControlView.swift */,
				27CC14AB1F5DB8D800452C38 /* VPKVideoView.swift */,
			);
			path = Video;
			sourceTree = "<group>";
		};
		36948C6148D9F27BCBFC8437 /* Frameworks */ = {
			isa = PBXGroup;
			children = (
				BA1F7C177C4338FDC1DC1D7A /* Pods_VideoPlaybackKit.framework */,
			);
			name = Frameworks;
			sourceTree = "<group>";
		};
		416E866E0AA0328049B24FE7 /* Pods */ = {
			isa = PBXGroup;
			children = (
				243CEFEE69FEFF710CAA8FF2 /* Pods-VideoPlaybackKit.debug.xcconfig */,
				93EDD4B50E7C12EF00BC51FE /* Pods-VideoPlaybackKit.release.xcconfig */,
			);
			name = Pods;
			sourceTree = "<group>";
		};
/* End PBXGroup section */

/* Begin PBXHeadersBuildPhase section */
		27CC146F1F5DB85A00452C38 /* Headers */ = {
			isa = PBXHeadersBuildPhase;
			buildActionMask = 2147483647;
			files = (
				27CC14831F5DB85B00452C38 /* VideoPlaybackKit.h in Headers */,
			);
			runOnlyForDeploymentPostprocessing = 0;
		};
/* End PBXHeadersBuildPhase section */

/* Begin PBXNativeTarget section */
		27CC14711F5DB85A00452C38 /* VideoPlaybackKit */ = {
			isa = PBXNativeTarget;
			buildConfigurationList = 27CC14861F5DB85B00452C38 /* Build configuration list for PBXNativeTarget "VideoPlaybackKit" */;
			buildPhases = (
				4A28BB816106C3929936C40F /* [CP] Check Pods Manifest.lock */,
				27CC146D1F5DB85A00452C38 /* Sources */,
				27CC146E1F5DB85A00452C38 /* Frameworks */,
				27CC146F1F5DB85A00452C38 /* Headers */,
				27CC14701F5DB85A00452C38 /* Resources */,
				3D64918B5FDD8D3D38CAB7D2 /* [CP] Copy Pods Resources */,
			);
			buildRules = (
			);
			dependencies = (
			);
			name = VideoPlaybackKit;
			productName = VideoPlaybackKit;
			productReference = 27CC14721F5DB85A00452C38 /* VideoPlaybackKit.framework */;
			productType = "com.apple.product-type.framework";
		};
		27CC147A1F5DB85B00452C38 /* VideoPlaybackKitTests */ = {
			isa = PBXNativeTarget;
			buildConfigurationList = 27CC14891F5DB85B00452C38 /* Build configuration list for PBXNativeTarget "VideoPlaybackKitTests" */;
			buildPhases = (
				27CC14771F5DB85B00452C38 /* Sources */,
				27CC14781F5DB85B00452C38 /* Frameworks */,
				27CC14791F5DB85B00452C38 /* Resources */,
			);
			buildRules = (
			);
			dependencies = (
				27CC147E1F5DB85B00452C38 /* PBXTargetDependency */,
			);
			name = VideoPlaybackKitTests;
			productName = VideoPlaybackKitTests;
			productReference = 27CC147B1F5DB85B00452C38 /* VideoPlaybackKitTests.xctest */;
			productType = "com.apple.product-type.bundle.unit-test";
		};
/* End PBXNativeTarget section */

/* Begin PBXProject section */
		27CC14691F5DB85A00452C38 /* Project object */ = {
			isa = PBXProject;
			attributes = {
				LastSwiftUpdateCheck = 0830;
				LastUpgradeCheck = 0830;
				ORGANIZATIONNAME = ustwo;
				TargetAttributes = {
					27CC14711F5DB85A00452C38 = {
						CreatedOnToolsVersion = 8.3.3;
						DevelopmentTeam = WRHWKXLX7C;
						ProvisioningStyle = Automatic;
					};
					27CC147A1F5DB85B00452C38 = {
						CreatedOnToolsVersion = 8.3.3;
						DevelopmentTeam = WRHWKXLX7C;
						ProvisioningStyle = Automatic;
					};
				};
			};
			buildConfigurationList = 27CC146C1F5DB85A00452C38 /* Build configuration list for PBXProject "VideoPlaybackKit" */;
			compatibilityVersion = "Xcode 3.2";
			developmentRegion = English;
			hasScannedForEncodings = 0;
			knownRegions = (
				en,
			);
			mainGroup = 27CC14681F5DB85A00452C38;
			productRefGroup = 27CC14731F5DB85A00452C38 /* Products */;
			projectDirPath = "";
			projectRoot = "";
			targets = (
				27CC14711F5DB85A00452C38 /* VideoPlaybackKit */,
				27CC147A1F5DB85B00452C38 /* VideoPlaybackKitTests */,
			);
		};
/* End PBXProject section */

/* Begin PBXResourcesBuildPhase section */
		27CC14701F5DB85A00452C38 /* Resources */ = {
			isa = PBXResourcesBuildPhase;
			buildActionMask = 2147483647;
			files = (
			);
			runOnlyForDeploymentPostprocessing = 0;
		};
		27CC14791F5DB85B00452C38 /* Resources */ = {
			isa = PBXResourcesBuildPhase;
			buildActionMask = 2147483647;
			files = (
			);
			runOnlyForDeploymentPostprocessing = 0;
		};
/* End PBXResourcesBuildPhase section */

/* Begin PBXShellScriptBuildPhase section */
		3D64918B5FDD8D3D38CAB7D2 /* [CP] Copy Pods Resources */ = {
			isa = PBXShellScriptBuildPhase;
			buildActionMask = 2147483647;
			files = (
			);
			inputPaths = (
			);
			name = "[CP] Copy Pods Resources";
			outputPaths = (
			);
			runOnlyForDeploymentPostprocessing = 0;
			shellPath = /bin/sh;
			shellScript = "\"${SRCROOT}/Pods/Target Support Files/Pods-VideoPlaybackKit/Pods-VideoPlaybackKit-resources.sh\"\n";
			showEnvVarsInLog = 0;
		};
		4A28BB816106C3929936C40F /* [CP] Check Pods Manifest.lock */ = {
			isa = PBXShellScriptBuildPhase;
			buildActionMask = 2147483647;
			files = (
			);
			inputPaths = (
				"${PODS_PODFILE_DIR_PATH}/Podfile.lock",
				"${PODS_ROOT}/Manifest.lock",
			);
			name = "[CP] Check Pods Manifest.lock";
			outputPaths = (
				"$(DERIVED_FILE_DIR)/Pods-VideoPlaybackKit-checkManifestLockResult.txt",
			);
			runOnlyForDeploymentPostprocessing = 0;
			shellPath = /bin/sh;
			shellScript = "diff \"${PODS_PODFILE_DIR_PATH}/Podfile.lock\" \"${PODS_ROOT}/Manifest.lock\" > /dev/null\nif [ $? != 0 ] ; then\n    # print error to STDERR\n    echo \"error: The sandbox is not in sync with the Podfile.lock. Run 'pod install' or update your CocoaPods installation.\" >&2\n    exit 1\nfi\n# This output is used by Xcode 'outputs' to avoid re-running this script phase.\necho \"SUCCESS\" > \"${SCRIPT_OUTPUT_FILE_0}\"\n";
			showEnvVarsInLog = 0;
		};
/* End PBXShellScriptBuildPhase section */

/* Begin PBXSourcesBuildPhase section */
		27CC146D1F5DB85A00452C38 /* Sources */ = {
			isa = PBXSourcesBuildPhase;
			buildActionMask = 2147483647;
			files = (
				27CC14B81F5DB8D800452C38 /* VPKAssetResourceLoaderDelegate .swift in Sources */,
				27CC14AC1F5DB8D800452C38 /* VPKVideoPlaybackBuilder.swift in Sources */,
				27CC14C11F5DB8D800452C38 /* VPKVideoView.swift in Sources */,
				27CC14BA1F5DB8D800452C38 /* VPKVideoRequestDownloader.swift in Sources */,
				27CC14BC1F5DB8D800452C38 /* VPKVideoPlaybackManager.swift in Sources */,
				27CC14AD1F5DB8D800452C38 /* VPKColor.swift in Sources */,
				27CC14B11F5DB8D800452C38 /* FileManager+Configure.swift in Sources */,
				27CC14B61F5DB8D800452C38 /* ByteRange.swift in Sources */,
				27CC14B01F5DB8D800452C38 /* AVContentInfoRequest.swift in Sources */,
				27CC14B91F5DB8D800452C38 /* VPKTableViewPrefetchSynchronizer.swift in Sources */,
				27CC14AF1F5DB8D800452C38 /* VPKPlayerContract.swift in Sources */,
				27CC14BE1F5DB8D800452C38 /* PlaybackControlViewAnimator.swift in Sources */,
				27CC14AE1F5DB8D800452C38 /* VPKEnum.swift in Sources */,
				27CC14B31F5DB8D800452C38 /* URLRequest+Configure.swift in Sources */,
				27CC14BB1F5DB8D800452C38 /* VPKPlayerDelegate.swift in Sources */,
				27CC14C01F5DB8D800452C38 /* VPKPlaybackControlView.swift in Sources */,
				27CC14BD1F5DB8D800452C38 /* VPKVideoPlaybackPresenter.swift in Sources */,
				27CC14BF1F5DB8D800452C38 /* VideoViewAnimator.swift in Sources */,
				27CC14B41F5DB8D800452C38 /* VPKTableViewVideoPlaybackScrollable.swift in Sources */,
				27CC14B71F5DB8D800452C38 /* Requests.swift in Sources */,
				27CC14B51F5DB8D800452C38 /* VPKVideoPlaybackInteractor.swift in Sources */,
				27CC14B21F5DB8D800452C38 /* URL+Prefix.swift in Sources */,
			);
			runOnlyForDeploymentPostprocessing = 0;
		};
		27CC14771F5DB85B00452C38 /* Sources */ = {
			isa = PBXSourcesBuildPhase;
			buildActionMask = 2147483647;
			files = (
				27CC14811F5DB85B00452C38 /* VideoPlaybackKitTests.swift in Sources */,
			);
			runOnlyForDeploymentPostprocessing = 0;
		};
/* End PBXSourcesBuildPhase section */

/* Begin PBXTargetDependency section */
		27CC147E1F5DB85B00452C38 /* PBXTargetDependency */ = {
			isa = PBXTargetDependency;
			target = 27CC14711F5DB85A00452C38 /* VideoPlaybackKit */;
			targetProxy = 27CC147D1F5DB85B00452C38 /* PBXContainerItemProxy */;
		};
/* End PBXTargetDependency section */

/* Begin XCBuildConfiguration section */
		27CC14841F5DB85B00452C38 /* Debug */ = {
			isa = XCBuildConfiguration;
			buildSettings = {
				ALWAYS_SEARCH_USER_PATHS = NO;
				CLANG_ANALYZER_NONNULL = YES;
				CLANG_ANALYZER_NUMBER_OBJECT_CONVERSION = YES_AGGRESSIVE;
				CLANG_CXX_LANGUAGE_STANDARD = "gnu++0x";
				CLANG_CXX_LIBRARY = "libc++";
				CLANG_ENABLE_MODULES = YES;
				CLANG_ENABLE_OBJC_ARC = YES;
				CLANG_WARN_BOOL_CONVERSION = YES;
				CLANG_WARN_CONSTANT_CONVERSION = YES;
				CLANG_WARN_DIRECT_OBJC_ISA_USAGE = YES_ERROR;
				CLANG_WARN_DOCUMENTATION_COMMENTS = YES;
				CLANG_WARN_EMPTY_BODY = YES;
				CLANG_WARN_ENUM_CONVERSION = YES;
				CLANG_WARN_INFINITE_RECURSION = YES;
				CLANG_WARN_INT_CONVERSION = YES;
				CLANG_WARN_OBJC_ROOT_CLASS = YES_ERROR;
				CLANG_WARN_SUSPICIOUS_MOVE = YES;
				CLANG_WARN_UNREACHABLE_CODE = YES;
				CLANG_WARN__DUPLICATE_METHOD_MATCH = YES;
				"CODE_SIGN_IDENTITY[sdk=iphoneos*]" = "iPhone Developer";
				COPY_PHASE_STRIP = NO;
				CURRENT_PROJECT_VERSION = 1;
				DEBUG_INFORMATION_FORMAT = dwarf;
				ENABLE_STRICT_OBJC_MSGSEND = YES;
				ENABLE_TESTABILITY = YES;
				GCC_C_LANGUAGE_STANDARD = gnu99;
				GCC_DYNAMIC_NO_PIC = NO;
				GCC_NO_COMMON_BLOCKS = YES;
				GCC_OPTIMIZATION_LEVEL = 0;
				GCC_PREPROCESSOR_DEFINITIONS = (
					"DEBUG=1",
					"$(inherited)",
				);
				GCC_WARN_64_TO_32_BIT_CONVERSION = YES;
				GCC_WARN_ABOUT_RETURN_TYPE = YES_ERROR;
				GCC_WARN_UNDECLARED_SELECTOR = YES;
				GCC_WARN_UNINITIALIZED_AUTOS = YES_AGGRESSIVE;
				GCC_WARN_UNUSED_FUNCTION = YES;
				GCC_WARN_UNUSED_VARIABLE = YES;
				IPHONEOS_DEPLOYMENT_TARGET = 10.3;
				MTL_ENABLE_DEBUG_INFO = YES;
				ONLY_ACTIVE_ARCH = YES;
				SDKROOT = iphoneos;
				SWIFT_ACTIVE_COMPILATION_CONDITIONS = DEBUG;
				SWIFT_OPTIMIZATION_LEVEL = "-Onone";
				TARGETED_DEVICE_FAMILY = "1,2";
				VERSIONING_SYSTEM = "apple-generic";
				VERSION_INFO_PREFIX = "";
			};
			name = Debug;
		};
		27CC14851F5DB85B00452C38 /* Release */ = {
			isa = XCBuildConfiguration;
			buildSettings = {
				ALWAYS_SEARCH_USER_PATHS = NO;
				CLANG_ANALYZER_NONNULL = YES;
				CLANG_ANALYZER_NUMBER_OBJECT_CONVERSION = YES_AGGRESSIVE;
				CLANG_CXX_LANGUAGE_STANDARD = "gnu++0x";
				CLANG_CXX_LIBRARY = "libc++";
				CLANG_ENABLE_MODULES = YES;
				CLANG_ENABLE_OBJC_ARC = YES;
				CLANG_WARN_BOOL_CONVERSION = YES;
				CLANG_WARN_CONSTANT_CONVERSION = YES;
				CLANG_WARN_DIRECT_OBJC_ISA_USAGE = YES_ERROR;
				CLANG_WARN_DOCUMENTATION_COMMENTS = YES;
				CLANG_WARN_EMPTY_BODY = YES;
				CLANG_WARN_ENUM_CONVERSION = YES;
				CLANG_WARN_INFINITE_RECURSION = YES;
				CLANG_WARN_INT_CONVERSION = YES;
				CLANG_WARN_OBJC_ROOT_CLASS = YES_ERROR;
				CLANG_WARN_SUSPICIOUS_MOVE = YES;
				CLANG_WARN_UNREACHABLE_CODE = YES;
				CLANG_WARN__DUPLICATE_METHOD_MATCH = YES;
				"CODE_SIGN_IDENTITY[sdk=iphoneos*]" = "iPhone Developer";
				COPY_PHASE_STRIP = NO;
				CURRENT_PROJECT_VERSION = 1;
				DEBUG_INFORMATION_FORMAT = "dwarf-with-dsym";
				ENABLE_NS_ASSERTIONS = NO;
				ENABLE_STRICT_OBJC_MSGSEND = YES;
				GCC_C_LANGUAGE_STANDARD = gnu99;
				GCC_NO_COMMON_BLOCKS = YES;
				GCC_WARN_64_TO_32_BIT_CONVERSION = YES;
				GCC_WARN_ABOUT_RETURN_TYPE = YES_ERROR;
				GCC_WARN_UNDECLARED_SELECTOR = YES;
				GCC_WARN_UNINITIALIZED_AUTOS = YES_AGGRESSIVE;
				GCC_WARN_UNUSED_FUNCTION = YES;
				GCC_WARN_UNUSED_VARIABLE = YES;
				IPHONEOS_DEPLOYMENT_TARGET = 10.3;
				MTL_ENABLE_DEBUG_INFO = NO;
				SDKROOT = iphoneos;
				SWIFT_OPTIMIZATION_LEVEL = "-Owholemodule";
				TARGETED_DEVICE_FAMILY = "1,2";
				VALIDATE_PRODUCT = YES;
				VERSIONING_SYSTEM = "apple-generic";
				VERSION_INFO_PREFIX = "";
			};
			name = Release;
		};
		27CC14871F5DB85B00452C38 /* Debug */ = {
			isa = XCBuildConfiguration;
			baseConfigurationReference = 243CEFEE69FEFF710CAA8FF2 /* Pods-VideoPlaybackKit.debug.xcconfig */;
			buildSettings = {
				CODE_SIGN_IDENTITY = "";
				DEFINES_MODULE = YES;
				DEVELOPMENT_TEAM = WRHWKXLX7C;
				DYLIB_COMPATIBILITY_VERSION = 1;
				DYLIB_CURRENT_VERSION = 1;
				DYLIB_INSTALL_NAME_BASE = "@rpath";
				ENABLE_BITCODE = NO;
				INFOPLIST_FILE = VideoPlaybackKit/Info.plist;
				INSTALL_PATH = "$(LOCAL_LIBRARY_DIR)/Frameworks";
				LD_RUNPATH_SEARCH_PATHS = "$(inherited) @executable_path/Frameworks @loader_path/Frameworks";
				PRODUCT_BUNDLE_IDENTIFIER = ustwo.com.VideoPlaybackKit;
				PRODUCT_NAME = "$(TARGET_NAME)";
				SKIP_INSTALL = YES;
				SWIFT_VERSION = 3.0;
			};
			name = Debug;
		};
		27CC14881F5DB85B00452C38 /* Release */ = {
			isa = XCBuildConfiguration;
			baseConfigurationReference = 93EDD4B50E7C12EF00BC51FE /* Pods-VideoPlaybackKit.release.xcconfig */;
			buildSettings = {
				CODE_SIGN_IDENTITY = "";
				DEFINES_MODULE = YES;
				DEVELOPMENT_TEAM = WRHWKXLX7C;
				DYLIB_COMPATIBILITY_VERSION = 1;
				DYLIB_CURRENT_VERSION = 1;
				DYLIB_INSTALL_NAME_BASE = "@rpath";
				ENABLE_BITCODE = NO;
				INFOPLIST_FILE = VideoPlaybackKit/Info.plist;
				INSTALL_PATH = "$(LOCAL_LIBRARY_DIR)/Frameworks";
				LD_RUNPATH_SEARCH_PATHS = "$(inherited) @executable_path/Frameworks @loader_path/Frameworks";
				PRODUCT_BUNDLE_IDENTIFIER = ustwo.com.VideoPlaybackKit;
				PRODUCT_NAME = "$(TARGET_NAME)";
				SKIP_INSTALL = YES;
				SWIFT_VERSION = 3.0;
			};
			name = Release;
		};
		27CC148A1F5DB85B00452C38 /* Debug */ = {
			isa = XCBuildConfiguration;
			buildSettings = {
				ALWAYS_EMBED_SWIFT_STANDARD_LIBRARIES = YES;
				DEVELOPMENT_TEAM = WRHWKXLX7C;
				INFOPLIST_FILE = VideoPlaybackKitTests/Info.plist;
				LD_RUNPATH_SEARCH_PATHS = "$(inherited) @executable_path/Frameworks @loader_path/Frameworks";
				PRODUCT_BUNDLE_IDENTIFIER = ustwo.com.VideoPlaybackKitTests;
				PRODUCT_NAME = "$(TARGET_NAME)";
				SWIFT_VERSION = 3.0;
			};
			name = Debug;
		};
		27CC148B1F5DB85B00452C38 /* Release */ = {
			isa = XCBuildConfiguration;
			buildSettings = {
				ALWAYS_EMBED_SWIFT_STANDARD_LIBRARIES = YES;
				DEVELOPMENT_TEAM = WRHWKXLX7C;
				INFOPLIST_FILE = VideoPlaybackKitTests/Info.plist;
				LD_RUNPATH_SEARCH_PATHS = "$(inherited) @executable_path/Frameworks @loader_path/Frameworks";
				PRODUCT_BUNDLE_IDENTIFIER = ustwo.com.VideoPlaybackKitTests;
				PRODUCT_NAME = "$(TARGET_NAME)";
				SWIFT_VERSION = 3.0;
			};
			name = Release;
		};
/* End XCBuildConfiguration section */

/* Begin XCConfigurationList section */
		27CC146C1F5DB85A00452C38 /* Build configuration list for PBXProject "VideoPlaybackKit" */ = {
			isa = XCConfigurationList;
			buildConfigurations = (
				27CC14841F5DB85B00452C38 /* Debug */,
				27CC14851F5DB85B00452C38 /* Release */,
			);
			defaultConfigurationIsVisible = 0;
			defaultConfigurationName = Release;
		};
		27CC14861F5DB85B00452C38 /* Build configuration list for PBXNativeTarget "VideoPlaybackKit" */ = {
			isa = XCConfigurationList;
			buildConfigurations = (
				27CC14871F5DB85B00452C38 /* Debug */,
				27CC14881F5DB85B00452C38 /* Release */,
			);
			defaultConfigurationIsVisible = 0;
		};
		27CC14891F5DB85B00452C38 /* Build configuration list for PBXNativeTarget "VideoPlaybackKitTests" */ = {
			isa = XCConfigurationList;
			buildConfigurations = (
				27CC148A1F5DB85B00452C38 /* Debug */,
				27CC148B1F5DB85B00452C38 /* Release */,
			);
			defaultConfigurationIsVisible = 0;
		};
/* End XCConfigurationList section */
	};
	rootObject = 27CC14691F5DB85A00452C38 /* Project object */;
}
