// !$*UTF8*$!
{
	archiveVersion = 1;
	classes = {
	};
	objectVersion = 46;
	objects = {

/* Begin PBXBuildFile section */
		1AFDD25DF61F3E21AF0CCA9D /* Pods_DemoVideoPlaybackKit.framework in Frameworks */ = {isa = PBXBuildFile; fileRef = F47F77B9A192953D9A7889FA /* Pods_DemoVideoPlaybackKit.framework */; };
		27077F471F10196500D82FA8 /* DemoViewController.swift in Sources */ = {isa = PBXBuildFile; fileRef = 27077F461F10196500D82FA8 /* DemoViewController.swift */; };
		27077F491F10197100D82FA8 /* FeedViewController.swift in Sources */ = {isa = PBXBuildFile; fileRef = 27077F481F10197100D82FA8 /* FeedViewController.swift */; };
		272A1CE11EAFE62F007F5816 /* AppDelegate.swift in Sources */ = {isa = PBXBuildFile; fileRef = 272A1CE01EAFE62F007F5816 /* AppDelegate.swift */; };
		272A1CE61EAFE62F007F5816 /* Main.storyboard in Resources */ = {isa = PBXBuildFile; fileRef = 272A1CE41EAFE62F007F5816 /* Main.storyboard */; };
		272A1CE81EAFE62F007F5816 /* Assets.xcassets in Resources */ = {isa = PBXBuildFile; fileRef = 272A1CE71EAFE62F007F5816 /* Assets.xcassets */; };
		272A1CEB1EAFE62F007F5816 /* LaunchScreen.storyboard in Resources */ = {isa = PBXBuildFile; fileRef = 272A1CE91EAFE62F007F5816 /* LaunchScreen.storyboard */; };
		272A1CF61EAFE62F007F5816 /* DemoVideoPlaybackKitTests.swift in Sources */ = {isa = PBXBuildFile; fileRef = 272A1CF51EAFE62F007F5816 /* DemoVideoPlaybackKitTests.swift */; };
		272A1D011EAFE62F007F5816 /* DemoVideoPlaybackKitUITests.swift in Sources */ = {isa = PBXBuildFile; fileRef = 272A1D001EAFE62F007F5816 /* DemoVideoPlaybackKitUITests.swift */; };
		272A1D231EAFE77C007F5816 /* SingleVideoPlaybackViewController.swift in Sources */ = {isa = PBXBuildFile; fileRef = 272A1D221EAFE77C007F5816 /* SingleVideoPlaybackViewController.swift */; };
		272A1D3D1EAFF316007F5816 /* BasicTableViewCell.swift in Sources */ = {isa = PBXBuildFile; fileRef = 272A1D3C1EAFF316007F5816 /* BasicTableViewCell.swift */; };
		272A1D461EB108B6007F5816 /* Elon_Musk.mp4 in Resources */ = {isa = PBXBuildFile; fileRef = 272A1D451EB108AF007F5816 /* Elon_Musk.mp4 */; };
		27C945BA1EC4C25900E6D113 /* VideoTableViewCell.swift in Sources */ = {isa = PBXBuildFile; fileRef = 27C945B91EC4C25900E6D113 /* VideoTableViewCell.swift */; };
/* End PBXBuildFile section */

/* Begin PBXContainerItemProxy section */
		272A1CF21EAFE62F007F5816 /* PBXContainerItemProxy */ = {
			isa = PBXContainerItemProxy;
			containerPortal = 272A1CD51EAFE62F007F5816 /* Project object */;
			proxyType = 1;
			remoteGlobalIDString = 272A1CDC1EAFE62F007F5816;
			remoteInfo = DemoVideoPlaybackKit;
		};
		272A1CFD1EAFE62F007F5816 /* PBXContainerItemProxy */ = {
			isa = PBXContainerItemProxy;
			containerPortal = 272A1CD51EAFE62F007F5816 /* Project object */;
			proxyType = 1;
			remoteGlobalIDString = 272A1CDC1EAFE62F007F5816;
			remoteInfo = DemoVideoPlaybackKit;
		};
/* End PBXContainerItemProxy section */

/* Begin PBXCopyFilesBuildPhase section */
		272A1D351EAFF0EC007F5816 /* CopyFiles */ = {
			isa = PBXCopyFilesBuildPhase;
			buildActionMask = 2147483647;
			dstPath = "";
			dstSubfolderSpec = 10;
			files = (
			);
			runOnlyForDeploymentPostprocessing = 0;
		};
/* End PBXCopyFilesBuildPhase section */

/* Begin PBXFileReference section */
		11A171081A5A92A1C8085A44 /* Pods-DemoVideoPlaybackKit.release.xcconfig */ = {isa = PBXFileReference; includeInIndex = 1; lastKnownFileType = text.xcconfig; name = "Pods-DemoVideoPlaybackKit.release.xcconfig"; path = "Pods/Target Support Files/Pods-DemoVideoPlaybackKit/Pods-DemoVideoPlaybackKit.release.xcconfig"; sourceTree = "<group>"; };
		27077F461F10196500D82FA8 /* DemoViewController.swift */ = {isa = PBXFileReference; fileEncoding = 4; lastKnownFileType = sourcecode.swift; name = DemoViewController.swift; path = DemoVideoPlaybackKit/DemoViewController.swift; sourceTree = SOURCE_ROOT; };
		27077F481F10197100D82FA8 /* FeedViewController.swift */ = {isa = PBXFileReference; fileEncoding = 4; lastKnownFileType = sourcecode.swift; name = FeedViewController.swift; path = DemoVideoPlaybackKit/FeedViewController.swift; sourceTree = SOURCE_ROOT; };
		272A1CDD1EAFE62F007F5816 /* DemoVideoPlaybackKit.app */ = {isa = PBXFileReference; explicitFileType = wrapper.application; includeInIndex = 0; path = DemoVideoPlaybackKit.app; sourceTree = BUILT_PRODUCTS_DIR; };
		272A1CE01EAFE62F007F5816 /* AppDelegate.swift */ = {isa = PBXFileReference; lastKnownFileType = sourcecode.swift; path = AppDelegate.swift; sourceTree = "<group>"; };
		272A1CE51EAFE62F007F5816 /* Base */ = {isa = PBXFileReference; lastKnownFileType = file.storyboard; name = Base; path = Base.lproj/Main.storyboard; sourceTree = "<group>"; };
		272A1CE71EAFE62F007F5816 /* Assets.xcassets */ = {isa = PBXFileReference; lastKnownFileType = folder.assetcatalog; path = Assets.xcassets; sourceTree = "<group>"; };
		272A1CEA1EAFE62F007F5816 /* Base */ = {isa = PBXFileReference; lastKnownFileType = file.storyboard; name = Base; path = Base.lproj/LaunchScreen.storyboard; sourceTree = "<group>"; };
		272A1CEC1EAFE62F007F5816 /* Info.plist */ = {isa = PBXFileReference; lastKnownFileType = text.plist.xml; path = Info.plist; sourceTree = "<group>"; };
		272A1CF11EAFE62F007F5816 /* DemoVideoPlaybackKitTests.xctest */ = {isa = PBXFileReference; explicitFileType = wrapper.cfbundle; includeInIndex = 0; path = DemoVideoPlaybackKitTests.xctest; sourceTree = BUILT_PRODUCTS_DIR; };
		272A1CF51EAFE62F007F5816 /* DemoVideoPlaybackKitTests.swift */ = {isa = PBXFileReference; lastKnownFileType = sourcecode.swift; path = DemoVideoPlaybackKitTests.swift; sourceTree = "<group>"; };
		272A1CF71EAFE62F007F5816 /* Info.plist */ = {isa = PBXFileReference; lastKnownFileType = text.plist.xml; path = Info.plist; sourceTree = "<group>"; };
		272A1CFC1EAFE62F007F5816 /* DemoVideoPlaybackKitUITests.xctest */ = {isa = PBXFileReference; explicitFileType = wrapper.cfbundle; includeInIndex = 0; path = DemoVideoPlaybackKitUITests.xctest; sourceTree = BUILT_PRODUCTS_DIR; };
		272A1D001EAFE62F007F5816 /* DemoVideoPlaybackKitUITests.swift */ = {isa = PBXFileReference; lastKnownFileType = sourcecode.swift; path = DemoVideoPlaybackKitUITests.swift; sourceTree = "<group>"; };
		272A1D021EAFE62F007F5816 /* Info.plist */ = {isa = PBXFileReference; lastKnownFileType = text.plist.xml; path = Info.plist; sourceTree = "<group>"; };
		272A1D221EAFE77C007F5816 /* SingleVideoPlaybackViewController.swift */ = {isa = PBXFileReference; fileEncoding = 4; lastKnownFileType = sourcecode.swift; name = SingleVideoPlaybackViewController.swift; path = DemoVideoPlaybackKit/ViewController/SingleVideoPlaybackViewController.swift; sourceTree = SOURCE_ROOT; };
		272A1D3C1EAFF316007F5816 /* BasicTableViewCell.swift */ = {isa = PBXFileReference; fileEncoding = 4; lastKnownFileType = sourcecode.swift; path = BasicTableViewCell.swift; sourceTree = "<group>"; };
		272A1D451EB108AF007F5816 /* Elon_Musk.mp4 */ = {isa = PBXFileReference; lastKnownFileType = file; path = Elon_Musk.mp4; sourceTree = "<group>"; };
		27C945B91EC4C25900E6D113 /* VideoTableViewCell.swift */ = {isa = PBXFileReference; fileEncoding = 4; lastKnownFileType = sourcecode.swift; path = VideoTableViewCell.swift; sourceTree = "<group>"; };
		B43F7CF60D932963CC31A687 /* Pods-DemoVideoPlaybackKit.debug.xcconfig */ = {isa = PBXFileReference; includeInIndex = 1; lastKnownFileType = text.xcconfig; name = "Pods-DemoVideoPlaybackKit.debug.xcconfig"; path = "Pods/Target Support Files/Pods-DemoVideoPlaybackKit/Pods-DemoVideoPlaybackKit.debug.xcconfig"; sourceTree = "<group>"; };
		F47F77B9A192953D9A7889FA /* Pods_DemoVideoPlaybackKit.framework */ = {isa = PBXFileReference; explicitFileType = wrapper.framework; includeInIndex = 0; path = Pods_DemoVideoPlaybackKit.framework; sourceTree = BUILT_PRODUCTS_DIR; };
/* End PBXFileReference section */

/* Begin PBXFrameworksBuildPhase section */
		272A1CDA1EAFE62F007F5816 /* Frameworks */ = {
			isa = PBXFrameworksBuildPhase;
			buildActionMask = 2147483647;
			files = (
				1AFDD25DF61F3E21AF0CCA9D /* Pods_DemoVideoPlaybackKit.framework in Frameworks */,
			);
			runOnlyForDeploymentPostprocessing = 0;
		};
		272A1CEE1EAFE62F007F5816 /* Frameworks */ = {
			isa = PBXFrameworksBuildPhase;
			buildActionMask = 2147483647;
			files = (
			);
			runOnlyForDeploymentPostprocessing = 0;
		};
		272A1CF91EAFE62F007F5816 /* Frameworks */ = {
			isa = PBXFrameworksBuildPhase;
			buildActionMask = 2147483647;
			files = (
			);
			runOnlyForDeploymentPostprocessing = 0;
		};
/* End PBXFrameworksBuildPhase section */

/* Begin PBXGroup section */
		272A1CD41EAFE62F007F5816 = {
			isa = PBXGroup;
			children = (
				272A1CDF1EAFE62F007F5816 /* DemoVideoPlaybackKit */,
				272A1CF41EAFE62F007F5816 /* DemoVideoPlaybackKitTests */,
				272A1CFF1EAFE62F007F5816 /* DemoVideoPlaybackKitUITests */,
				272A1CDE1EAFE62F007F5816 /* Products */,
				FE004433FEBAFEE8DD07E15F /* Pods */,
				75D1AFB1A8FA439EE0C689D2 /* Frameworks */,
			);
			sourceTree = "<group>";
		};
		272A1CDE1EAFE62F007F5816 /* Products */ = {
			isa = PBXGroup;
			children = (
				272A1CDD1EAFE62F007F5816 /* DemoVideoPlaybackKit.app */,
				272A1CF11EAFE62F007F5816 /* DemoVideoPlaybackKitTests.xctest */,
				272A1CFC1EAFE62F007F5816 /* DemoVideoPlaybackKitUITests.xctest */,
			);
			name = Products;
			sourceTree = "<group>";
		};
		272A1CDF1EAFE62F007F5816 /* DemoVideoPlaybackKit */ = {
			isa = PBXGroup;
			children = (
				272A1D441EB108A2007F5816 /* Resources */,
				272A1D3B1EAFF305007F5816 /* Cell */,
				272A1D1F1EAFE6C2007F5816 /* ViewController */,
				272A1CE01EAFE62F007F5816 /* AppDelegate.swift */,
				272A1CE41EAFE62F007F5816 /* Main.storyboard */,
				272A1CE71EAFE62F007F5816 /* Assets.xcassets */,
				272A1CE91EAFE62F007F5816 /* LaunchScreen.storyboard */,
				272A1CEC1EAFE62F007F5816 /* Info.plist */,
			);
			path = DemoVideoPlaybackKit;
			sourceTree = "<group>";
		};
		272A1CF41EAFE62F007F5816 /* DemoVideoPlaybackKitTests */ = {
			isa = PBXGroup;
			children = (
				272A1CF51EAFE62F007F5816 /* DemoVideoPlaybackKitTests.swift */,
				272A1CF71EAFE62F007F5816 /* Info.plist */,
			);
			path = DemoVideoPlaybackKitTests;
			sourceTree = "<group>";
		};
		272A1CFF1EAFE62F007F5816 /* DemoVideoPlaybackKitUITests */ = {
			isa = PBXGroup;
			children = (
				272A1D471EB27F86007F5816 /* VideoPlayerModule_Specs */,
				272A1D001EAFE62F007F5816 /* DemoVideoPlaybackKitUITests.swift */,
				272A1D021EAFE62F007F5816 /* Info.plist */,
			);
			path = DemoVideoPlaybackKitUITests;
			sourceTree = "<group>";
		};
		272A1D1F1EAFE6C2007F5816 /* ViewController */ = {
			isa = PBXGroup;
			children = (
				27077F481F10197100D82FA8 /* FeedViewController.swift */,
				27077F461F10196500D82FA8 /* DemoViewController.swift */,
				272A1D221EAFE77C007F5816 /* SingleVideoPlaybackViewController.swift */,
			);
			name = ViewController;
			path = Source;
			sourceTree = "<group>";
		};
		272A1D3B1EAFF305007F5816 /* Cell */ = {
			isa = PBXGroup;
			children = (
				272A1D3C1EAFF316007F5816 /* BasicTableViewCell.swift */,
				27C945B91EC4C25900E6D113 /* VideoTableViewCell.swift */,
			);
			path = Cell;
			sourceTree = "<group>";
		};
		272A1D441EB108A2007F5816 /* Resources */ = {
			isa = PBXGroup;
			children = (
				272A1D451EB108AF007F5816 /* Elon_Musk.mp4 */,
			);
			path = Resources;
			sourceTree = "<group>";
		};
		272A1D471EB27F86007F5816 /* VideoPlayerModule_Specs */ = {
			isa = PBXGroup;
			children = (
			);
			path = VideoPlayerModule_Specs;
			sourceTree = "<group>";
		};
		75D1AFB1A8FA439EE0C689D2 /* Frameworks */ = {
			isa = PBXGroup;
			children = (
				F47F77B9A192953D9A7889FA /* Pods_DemoVideoPlaybackKit.framework */,
			);
			name = Frameworks;
			sourceTree = "<group>";
		};
		FE004433FEBAFEE8DD07E15F /* Pods */ = {
			isa = PBXGroup;
			children = (
				B43F7CF60D932963CC31A687 /* Pods-DemoVideoPlaybackKit.debug.xcconfig */,
				11A171081A5A92A1C8085A44 /* Pods-DemoVideoPlaybackKit.release.xcconfig */,
			);
			name = Pods;
			sourceTree = "<group>";
		};
/* End PBXGroup section */

/* Begin PBXNativeTarget section */
		272A1CDC1EAFE62F007F5816 /* DemoVideoPlaybackKit */ = {
			isa = PBXNativeTarget;
			buildConfigurationList = 272A1D051EAFE62F007F5816 /* Build configuration list for PBXNativeTarget "DemoVideoPlaybackKit" */;
			buildPhases = (
				5E3BA80C1568E79DEC9BB9C2 /* [CP] Check Pods Manifest.lock */,
				272A1CD91EAFE62F007F5816 /* Sources */,
				272A1CDA1EAFE62F007F5816 /* Frameworks */,
				272A1CDB1EAFE62F007F5816 /* Resources */,
				272A1D351EAFF0EC007F5816 /* CopyFiles */,
				F452070E7DB2F292706AEB29 /* [CP] Embed Pods Frameworks */,
				11B3DA2FCD5590DFA322B273 /* [CP] Copy Pods Resources */,
			);
			buildRules = (
			);
			dependencies = (
			);
			name = DemoVideoPlaybackKit;
			productName = DemoVideoPlaybackKit;
			productReference = 272A1CDD1EAFE62F007F5816 /* DemoVideoPlaybackKit.app */;
			productType = "com.apple.product-type.application";
		};
		272A1CF01EAFE62F007F5816 /* DemoVideoPlaybackKitTests */ = {
			isa = PBXNativeTarget;
			buildConfigurationList = 272A1D081EAFE62F007F5816 /* Build configuration list for PBXNativeTarget "DemoVideoPlaybackKitTests" */;
			buildPhases = (
				272A1CED1EAFE62F007F5816 /* Sources */,
				272A1CEE1EAFE62F007F5816 /* Frameworks */,
				272A1CEF1EAFE62F007F5816 /* Resources */,
			);
			buildRules = (
			);
			dependencies = (
				272A1CF31EAFE62F007F5816 /* PBXTargetDependency */,
			);
			name = DemoVideoPlaybackKitTests;
			productName = DemoVideoPlaybackKitTests;
			productReference = 272A1CF11EAFE62F007F5816 /* DemoVideoPlaybackKitTests.xctest */;
			productType = "com.apple.product-type.bundle.unit-test";
		};
		272A1CFB1EAFE62F007F5816 /* DemoVideoPlaybackKitUITests */ = {
			isa = PBXNativeTarget;
			buildConfigurationList = 272A1D0B1EAFE62F007F5816 /* Build configuration list for PBXNativeTarget "DemoVideoPlaybackKitUITests" */;
			buildPhases = (
				272A1CF81EAFE62F007F5816 /* Sources */,
				272A1CF91EAFE62F007F5816 /* Frameworks */,
				272A1CFA1EAFE62F007F5816 /* Resources */,
			);
			buildRules = (
			);
			dependencies = (
				272A1CFE1EAFE62F007F5816 /* PBXTargetDependency */,
			);
			name = DemoVideoPlaybackKitUITests;
			productName = DemoVideoPlaybackKitUITests;
			productReference = 272A1CFC1EAFE62F007F5816 /* DemoVideoPlaybackKitUITests.xctest */;
			productType = "com.apple.product-type.bundle.ui-testing";
		};
/* End PBXNativeTarget section */

/* Begin PBXProject section */
		272A1CD51EAFE62F007F5816 /* Project object */ = {
			isa = PBXProject;
			attributes = {
				LastSwiftUpdateCheck = 0820;
				LastUpgradeCheck = 0830;
				ORGANIZATIONNAME = ustwo;
				TargetAttributes = {
					272A1CDC1EAFE62F007F5816 = {
						CreatedOnToolsVersion = 8.2.1;
						DevelopmentTeam = WRHWKXLX7C;
						ProvisioningStyle = Manual;
					};
					272A1CF01EAFE62F007F5816 = {
						CreatedOnToolsVersion = 8.2.1;
						DevelopmentTeam = WRHWKXLX7C;
						ProvisioningStyle = Automatic;
						TestTargetID = 272A1CDC1EAFE62F007F5816;
					};
					272A1CFB1EAFE62F007F5816 = {
						CreatedOnToolsVersion = 8.2.1;
						DevelopmentTeam = WRHWKXLX7C;
						ProvisioningStyle = Automatic;
						TestTargetID = 272A1CDC1EAFE62F007F5816;
					};
				};
			};
			buildConfigurationList = 272A1CD81EAFE62F007F5816 /* Build configuration list for PBXProject "DemoVideoPlaybackKit" */;
			compatibilityVersion = "Xcode 3.2";
			developmentRegion = English;
			hasScannedForEncodings = 0;
			knownRegions = (
				en,
				Base,
			);
			mainGroup = 272A1CD41EAFE62F007F5816;
			productRefGroup = 272A1CDE1EAFE62F007F5816 /* Products */;
			projectDirPath = "";
			projectRoot = "";
			targets = (
				272A1CDC1EAFE62F007F5816 /* DemoVideoPlaybackKit */,
				272A1CF01EAFE62F007F5816 /* DemoVideoPlaybackKitTests */,
				272A1CFB1EAFE62F007F5816 /* DemoVideoPlaybackKitUITests */,
			);
		};
/* End PBXProject section */

/* Begin PBXResourcesBuildPhase section */
		272A1CDB1EAFE62F007F5816 /* Resources */ = {
			isa = PBXResourcesBuildPhase;
			buildActionMask = 2147483647;
			files = (
				272A1CEB1EAFE62F007F5816 /* LaunchScreen.storyboard in Resources */,
				272A1D461EB108B6007F5816 /* Elon_Musk.mp4 in Resources */,
				272A1CE81EAFE62F007F5816 /* Assets.xcassets in Resources */,
				272A1CE61EAFE62F007F5816 /* Main.storyboard in Resources */,
			);
			runOnlyForDeploymentPostprocessing = 0;
		};
		272A1CEF1EAFE62F007F5816 /* Resources */ = {
			isa = PBXResourcesBuildPhase;
			buildActionMask = 2147483647;
			files = (
			);
			runOnlyForDeploymentPostprocessing = 0;
		};
		272A1CFA1EAFE62F007F5816 /* Resources */ = {
			isa = PBXResourcesBuildPhase;
			buildActionMask = 2147483647;
			files = (
			);
			runOnlyForDeploymentPostprocessing = 0;
		};
/* End PBXResourcesBuildPhase section */

/* Begin PBXShellScriptBuildPhase section */
		11B3DA2FCD5590DFA322B273 /* [CP] Copy Pods Resources */ = {
			isa = PBXShellScriptBuildPhase;
			buildActionMask = 2147483647;
			files = (
			);
			inputPaths = (
			);
			name = "[CP] Copy Pods Resources";
			outputPaths = (
			);
			runOnlyForDeploymentPostprocessing = 0;
			shellPath = /bin/sh;
			shellScript = "\"${SRCROOT}/Pods/Target Support Files/Pods-DemoVideoPlaybackKit/Pods-DemoVideoPlaybackKit-resources.sh\"\n";
			showEnvVarsInLog = 0;
		};
		5E3BA80C1568E79DEC9BB9C2 /* [CP] Check Pods Manifest.lock */ = {
			isa = PBXShellScriptBuildPhase;
			buildActionMask = 2147483647;
			files = (
			);
			inputPaths = (
				"${PODS_PODFILE_DIR_PATH}/Podfile.lock",
				"${PODS_ROOT}/Manifest.lock",
			);
			name = "[CP] Check Pods Manifest.lock";
			outputPaths = (
				"$(DERIVED_FILE_DIR)/Pods-DemoVideoPlaybackKit-checkManifestLockResult.txt",
			);
			runOnlyForDeploymentPostprocessing = 0;
			shellPath = /bin/sh;
			shellScript = "diff \"${PODS_PODFILE_DIR_PATH}/Podfile.lock\" \"${PODS_ROOT}/Manifest.lock\" > /dev/null\nif [ $? != 0 ] ; then\n    # print error to STDERR\n    echo \"error: The sandbox is not in sync with the Podfile.lock. Run 'pod install' or update your CocoaPods installation.\" >&2\n    exit 1\nfi\n# This output is used by Xcode 'outputs' to avoid re-running this script phase.\necho \"SUCCESS\" > \"${SCRIPT_OUTPUT_FILE_0}\"\n";
			showEnvVarsInLog = 0;
		};
		F452070E7DB2F292706AEB29 /* [CP] Embed Pods Frameworks */ = {
			isa = PBXShellScriptBuildPhase;
			buildActionMask = 2147483647;
			files = (
			);
			inputPaths = (
				"${SRCROOT}/Pods/Target Support Files/Pods-DemoVideoPlaybackKit/Pods-DemoVideoPlaybackKit-frameworks.sh",
				"${BUILT_PRODUCTS_DIR}/ASValueTrackingSlider/ASValueTrackingSlider.framework",
				"${BUILT_PRODUCTS_DIR}/Alamofire/Alamofire.framework",
				"${BUILT_PRODUCTS_DIR}/AlamofireImage/AlamofireImage.framework",
				"${BUILT_PRODUCTS_DIR}/RxCocoa/RxCocoa.framework",
				"${BUILT_PRODUCTS_DIR}/RxSwift/RxSwift.framework",
				"${BUILT_PRODUCTS_DIR}/SnapKit/SnapKit.framework",
				"${BUILT_PRODUCTS_DIR}/VideoPlaybackKit/VideoPlaybackKit.framework",
			);
			name = "[CP] Embed Pods Frameworks";
			outputPaths = (
				"${TARGET_BUILD_DIR}/${FRAMEWORKS_FOLDER_PATH}/ASValueTrackingSlider.framework",
				"${TARGET_BUILD_DIR}/${FRAMEWORKS_FOLDER_PATH}/Alamofire.framework",
				"${TARGET_BUILD_DIR}/${FRAMEWORKS_FOLDER_PATH}/AlamofireImage.framework",
				"${TARGET_BUILD_DIR}/${FRAMEWORKS_FOLDER_PATH}/RxCocoa.framework",
				"${TARGET_BUILD_DIR}/${FRAMEWORKS_FOLDER_PATH}/RxSwift.framework",
				"${TARGET_BUILD_DIR}/${FRAMEWORKS_FOLDER_PATH}/SnapKit.framework",
				"${TARGET_BUILD_DIR}/${FRAMEWORKS_FOLDER_PATH}/VideoPlaybackKit.framework",
			);
			runOnlyForDeploymentPostprocessing = 0;
			shellPath = /bin/sh;
			shellScript = "\"${SRCROOT}/Pods/Target Support Files/Pods-DemoVideoPlaybackKit/Pods-DemoVideoPlaybackKit-frameworks.sh\"\n";
			showEnvVarsInLog = 0;
		};
/* End PBXShellScriptBuildPhase section */

/* Begin PBXSourcesBuildPhase section */
		272A1CD91EAFE62F007F5816 /* Sources */ = {
			isa = PBXSourcesBuildPhase;
			buildActionMask = 2147483647;
			files = (
				272A1D231EAFE77C007F5816 /* SingleVideoPlaybackViewController.swift in Sources */,
				272A1D3D1EAFF316007F5816 /* BasicTableViewCell.swift in Sources */,
				272A1CE11EAFE62F007F5816 /* AppDelegate.swift in Sources */,
				27077F471F10196500D82FA8 /* DemoViewController.swift in Sources */,
				27077F491F10197100D82FA8 /* FeedViewController.swift in Sources */,
				27C945BA1EC4C25900E6D113 /* VideoTableViewCell.swift in Sources */,
			);
			runOnlyForDeploymentPostprocessing = 0;
		};
		272A1CED1EAFE62F007F5816 /* Sources */ = {
			isa = PBXSourcesBuildPhase;
			buildActionMask = 2147483647;
			files = (
				272A1CF61EAFE62F007F5816 /* DemoVideoPlaybackKitTests.swift in Sources */,
			);
			runOnlyForDeploymentPostprocessing = 0;
		};
		272A1CF81EAFE62F007F5816 /* Sources */ = {
			isa = PBXSourcesBuildPhase;
			buildActionMask = 2147483647;
			files = (
				272A1D011EAFE62F007F5816 /* DemoVideoPlaybackKitUITests.swift in Sources */,
			);
			runOnlyForDeploymentPostprocessing = 0;
		};
/* End PBXSourcesBuildPhase section */

/* Begin PBXTargetDependency section */
		272A1CF31EAFE62F007F5816 /* PBXTargetDependency */ = {
			isa = PBXTargetDependency;
			target = 272A1CDC1EAFE62F007F5816 /* DemoVideoPlaybackKit */;
			targetProxy = 272A1CF21EAFE62F007F5816 /* PBXContainerItemProxy */;
		};
		272A1CFE1EAFE62F007F5816 /* PBXTargetDependency */ = {
			isa = PBXTargetDependency;
			target = 272A1CDC1EAFE62F007F5816 /* DemoVideoPlaybackKit */;
			targetProxy = 272A1CFD1EAFE62F007F5816 /* PBXContainerItemProxy */;
		};
/* End PBXTargetDependency section */

/* Begin PBXVariantGroup section */
		272A1CE41EAFE62F007F5816 /* Main.storyboard */ = {
			isa = PBXVariantGroup;
			children = (
				272A1CE51EAFE62F007F5816 /* Base */,
			);
			name = Main.storyboard;
			sourceTree = "<group>";
		};
		272A1CE91EAFE62F007F5816 /* LaunchScreen.storyboard */ = {
			isa = PBXVariantGroup;
			children = (
				272A1CEA1EAFE62F007F5816 /* Base */,
			);
			name = LaunchScreen.storyboard;
			sourceTree = "<group>";
		};
/* End PBXVariantGroup section */

/* Begin XCBuildConfiguration section */
		272A1D031EAFE62F007F5816 /* Debug */ = {
			isa = XCBuildConfiguration;
			buildSettings = {
				ALWAYS_SEARCH_USER_PATHS = NO;
				CLANG_ANALYZER_NONNULL = YES;
				CLANG_CXX_LANGUAGE_STANDARD = "gnu++0x";
				CLANG_CXX_LIBRARY = "libc++";
				CLANG_ENABLE_MODULES = YES;
				CLANG_ENABLE_OBJC_ARC = YES;
				CLANG_WARN_BOOL_CONVERSION = YES;
				CLANG_WARN_CONSTANT_CONVERSION = YES;
				CLANG_WARN_DIRECT_OBJC_ISA_USAGE = YES_ERROR;
				CLANG_WARN_DOCUMENTATION_COMMENTS = YES;
				CLANG_WARN_EMPTY_BODY = YES;
				CLANG_WARN_ENUM_CONVERSION = YES;
				CLANG_WARN_INFINITE_RECURSION = YES;
				CLANG_WARN_INT_CONVERSION = YES;
				CLANG_WARN_OBJC_ROOT_CLASS = YES_ERROR;
				CLANG_WARN_SUSPICIOUS_MOVE = YES;
				CLANG_WARN_UNREACHABLE_CODE = YES;
				CLANG_WARN__DUPLICATE_METHOD_MATCH = YES;
				"CODE_SIGN_IDENTITY[sdk=iphoneos*]" = "iPhone Developer";
				COPY_PHASE_STRIP = NO;
				DEBUG_INFORMATION_FORMAT = dwarf;
				ENABLE_STRICT_OBJC_MSGSEND = YES;
				ENABLE_TESTABILITY = YES;
				GCC_C_LANGUAGE_STANDARD = gnu99;
				GCC_DYNAMIC_NO_PIC = NO;
				GCC_NO_COMMON_BLOCKS = YES;
				GCC_OPTIMIZATION_LEVEL = 0;
				GCC_PREPROCESSOR_DEFINITIONS = (
					"DEBUG=1",
					"$(inherited)",
				);
				GCC_WARN_64_TO_32_BIT_CONVERSION = YES;
				GCC_WARN_ABOUT_RETURN_TYPE = YES_ERROR;
				GCC_WARN_UNDECLARED_SELECTOR = YES;
				GCC_WARN_UNINITIALIZED_AUTOS = YES_AGGRESSIVE;
				GCC_WARN_UNUSED_FUNCTION = YES;
				GCC_WARN_UNUSED_VARIABLE = YES;
				IPHONEOS_DEPLOYMENT_TARGET = 10.2;
				MTL_ENABLE_DEBUG_INFO = YES;
				ONLY_ACTIVE_ARCH = YES;
				SDKROOT = iphoneos;
				SWIFT_ACTIVE_COMPILATION_CONDITIONS = DEBUG;
				SWIFT_OPTIMIZATION_LEVEL = "-Onone";
				TARGETED_DEVICE_FAMILY = "1,2";
			};
			name = Debug;
		};
		272A1D041EAFE62F007F5816 /* Release */ = {
			isa = XCBuildConfiguration;
			buildSettings = {
				ALWAYS_SEARCH_USER_PATHS = NO;
				CLANG_ANALYZER_NONNULL = YES;
				CLANG_CXX_LANGUAGE_STANDARD = "gnu++0x";
				CLANG_CXX_LIBRARY = "libc++";
				CLANG_ENABLE_MODULES = YES;
				CLANG_ENABLE_OBJC_ARC = YES;
				CLANG_WARN_BOOL_CONVERSION = YES;
				CLANG_WARN_CONSTANT_CONVERSION = YES;
				CLANG_WARN_DIRECT_OBJC_ISA_USAGE = YES_ERROR;
				CLANG_WARN_DOCUMENTATION_COMMENTS = YES;
				CLANG_WARN_EMPTY_BODY = YES;
				CLANG_WARN_ENUM_CONVERSION = YES;
				CLANG_WARN_INFINITE_RECURSION = YES;
				CLANG_WARN_INT_CONVERSION = YES;
				CLANG_WARN_OBJC_ROOT_CLASS = YES_ERROR;
				CLANG_WARN_SUSPICIOUS_MOVE = YES;
				CLANG_WARN_UNREACHABLE_CODE = YES;
				CLANG_WARN__DUPLICATE_METHOD_MATCH = YES;
				"CODE_SIGN_IDENTITY[sdk=iphoneos*]" = "iPhone Developer";
				COPY_PHASE_STRIP = NO;
				DEBUG_INFORMATION_FORMAT = "dwarf-with-dsym";
				ENABLE_NS_ASSERTIONS = NO;
				ENABLE_STRICT_OBJC_MSGSEND = YES;
				GCC_C_LANGUAGE_STANDARD = gnu99;
				GCC_NO_COMMON_BLOCKS = YES;
				GCC_WARN_64_TO_32_BIT_CONVERSION = YES;
				GCC_WARN_ABOUT_RETURN_TYPE = YES_ERROR;
				GCC_WARN_UNDECLARED_SELECTOR = YES;
				GCC_WARN_UNINITIALIZED_AUTOS = YES_AGGRESSIVE;
				GCC_WARN_UNUSED_FUNCTION = YES;
				GCC_WARN_UNUSED_VARIABLE = YES;
				IPHONEOS_DEPLOYMENT_TARGET = 10.2;
				MTL_ENABLE_DEBUG_INFO = NO;
				SDKROOT = iphoneos;
				SWIFT_OPTIMIZATION_LEVEL = "-Owholemodule";
				TARGETED_DEVICE_FAMILY = "1,2";
				VALIDATE_PRODUCT = YES;
			};
			name = Release;
		};
		272A1D061EAFE62F007F5816 /* Debug */ = {
			isa = XCBuildConfiguration;
			baseConfigurationReference = B43F7CF60D932963CC31A687 /* Pods-DemoVideoPlaybackKit.debug.xcconfig */;
			buildSettings = {
				ALWAYS_EMBED_SWIFT_STANDARD_LIBRARIES = YES;
				ASSETCATALOG_COMPILER_APPICON_NAME = AppIcon;
				CODE_SIGN_IDENTITY = "iPhone Developer: Sonam Dhingra (2J683GUD9D)";
				"CODE_SIGN_IDENTITY[sdk=iphoneos*]" = "iPhone Developer: Sonam Dhingra (2J683GUD9D)";
				DEVELOPMENT_TEAM = WRHWKXLX7C;
				FRAMEWORK_SEARCH_PATHS = (
					"$(inherited)",
					"$(PROJECT_DIR)/DemoVideoPlaybackKit/ViewModel/Frameworks",
					"$(PROJECT_DIR)/Carthage/Build/iOS",
				);
				INFOPLIST_FILE = DemoVideoPlaybackKit/Info.plist;
				IPHONEOS_DEPLOYMENT_TARGET = 10.0;
				LD_RUNPATH_SEARCH_PATHS = "$(inherited) @executable_path/Frameworks";
				PRODUCT_BUNDLE_IDENTIFIER = ustwo.com.DemoVideoPlaybackKit;
				PRODUCT_NAME = "$(TARGET_NAME)";
				PROVISIONING_PROFILE = "60e9b7bf-2c58-4473-9d34-c0d848654d98";
				PROVISIONING_PROFILE_SPECIFIER = "Root Development Profile";
				SWIFT_VERSION = 3.0;
			};
			name = Debug;
		};
		272A1D071EAFE62F007F5816 /* Release */ = {
			isa = XCBuildConfiguration;
			baseConfigurationReference = 11A171081A5A92A1C8085A44 /* Pods-DemoVideoPlaybackKit.release.xcconfig */;
			buildSettings = {
				ALWAYS_EMBED_SWIFT_STANDARD_LIBRARIES = YES;
				ASSETCATALOG_COMPILER_APPICON_NAME = AppIcon;
				CODE_SIGN_IDENTITY = "iPhone Distribution: ustwo studio ltd";
				"CODE_SIGN_IDENTITY[sdk=iphoneos*]" = "iPhone Distribution: ustwo studio ltd";
				DEVELOPMENT_TEAM = WRHWKXLX7C;
				FRAMEWORK_SEARCH_PATHS = (
					"$(inherited)",
					"$(PROJECT_DIR)/DemoVideoPlaybackKit/ViewModel/Frameworks",
					"$(PROJECT_DIR)/Carthage/Build/iOS",
				);
				INFOPLIST_FILE = DemoVideoPlaybackKit/Info.plist;
				IPHONEOS_DEPLOYMENT_TARGET = 10.0;
				LD_RUNPATH_SEARCH_PATHS = "$(inherited) @executable_path/Frameworks";
				PRODUCT_BUNDLE_IDENTIFIER = ustwo.com.DemoVideoPlaybackKit;
				PRODUCT_NAME = "$(TARGET_NAME)";
				PROVISIONING_PROFILE = "f8352ca0-bb24-41c4-adf3-943f213d4dae";
				PROVISIONING_PROFILE_SPECIFIER = "Root In House";
				SWIFT_VERSION = 3.0;
			};
			name = Release;
		};
		272A1D091EAFE62F007F5816 /* Debug */ = {
			isa = XCBuildConfiguration;
			buildSettings = {
				ALWAYS_EMBED_SWIFT_STANDARD_LIBRARIES = YES;
				BUNDLE_LOADER = "$(TEST_HOST)";
				DEVELOPMENT_TEAM = WRHWKXLX7C;
				INFOPLIST_FILE = DemoVideoPlaybackKitTests/Info.plist;
				LD_RUNPATH_SEARCH_PATHS = "$(inherited) @executable_path/Frameworks @loader_path/Frameworks";
				PRODUCT_BUNDLE_IDENTIFIER = ustwo.com.DemoVideoPlaybackKitTests;
				PRODUCT_NAME = "$(TARGET_NAME)";
				SWIFT_VERSION = 3.0;
				TEST_HOST = "$(BUILT_PRODUCTS_DIR)/DemoVideoPlaybackKit.app/DemoVideoPlaybackKit";
			};
			name = Debug;
		};
		272A1D0A1EAFE62F007F5816 /* Release */ = {
			isa = XCBuildConfiguration;
			buildSettings = {
				ALWAYS_EMBED_SWIFT_STANDARD_LIBRARIES = YES;
				BUNDLE_LOADER = "$(TEST_HOST)";
				DEVELOPMENT_TEAM = WRHWKXLX7C;
				INFOPLIST_FILE = DemoVideoPlaybackKitTests/Info.plist;
				LD_RUNPATH_SEARCH_PATHS = "$(inherited) @executable_path/Frameworks @loader_path/Frameworks";
				PRODUCT_BUNDLE_IDENTIFIER = ustwo.com.DemoVideoPlaybackKitTests;
				PRODUCT_NAME = "$(TARGET_NAME)";
				SWIFT_VERSION = 3.0;
				TEST_HOST = "$(BUILT_PRODUCTS_DIR)/DemoVideoPlaybackKit.app/DemoVideoPlaybackKit";
			};
			name = Release;
		};
		272A1D0C1EAFE62F007F5816 /* Debug */ = {
			isa = XCBuildConfiguration;
			buildSettings = {
				ALWAYS_EMBED_SWIFT_STANDARD_LIBRARIES = YES;
				DEVELOPMENT_TEAM = WRHWKXLX7C;
				INFOPLIST_FILE = DemoVideoPlaybackKitUITests/Info.plist;
				LD_RUNPATH_SEARCH_PATHS = "$(inherited) @executable_path/Frameworks @loader_path/Frameworks";
				PRODUCT_BUNDLE_IDENTIFIER = ustwo.com.DemoVideoPlaybackKitUITests;
				PRODUCT_NAME = "$(TARGET_NAME)";
				SWIFT_VERSION = 3.0;
				TEST_TARGET_NAME = DemoVideoPlaybackKit;
			};
			name = Debug;
		};
		272A1D0D1EAFE62F007F5816 /* Release */ = {
			isa = XCBuildConfiguration;
			buildSettings = {
				ALWAYS_EMBED_SWIFT_STANDARD_LIBRARIES = YES;
				DEVELOPMENT_TEAM = WRHWKXLX7C;
				INFOPLIST_FILE = DemoVideoPlaybackKitUITests/Info.plist;
				LD_RUNPATH_SEARCH_PATHS = "$(inherited) @executable_path/Frameworks @loader_path/Frameworks";
				PRODUCT_BUNDLE_IDENTIFIER = ustwo.com.DemoVideoPlaybackKitUITests;
				PRODUCT_NAME = "$(TARGET_NAME)";
				SWIFT_VERSION = 3.0;
				TEST_TARGET_NAME = DemoVideoPlaybackKit;
			};
			name = Release;
		};
/* End XCBuildConfiguration section */

/* Begin XCConfigurationList section */
		272A1CD81EAFE62F007F5816 /* Build configuration list for PBXProject "DemoVideoPlaybackKit" */ = {
			isa = XCConfigurationList;
			buildConfigurations = (
				272A1D031EAFE62F007F5816 /* Debug */,
				272A1D041EAFE62F007F5816 /* Release */,
			);
			defaultConfigurationIsVisible = 0;
			defaultConfigurationName = Release;
		};
		272A1D051EAFE62F007F5816 /* Build configuration list for PBXNativeTarget "DemoVideoPlaybackKit" */ = {
			isa = XCConfigurationList;
			buildConfigurations = (
				272A1D061EAFE62F007F5816 /* Debug */,
				272A1D071EAFE62F007F5816 /* Release */,
			);
			defaultConfigurationIsVisible = 0;
			defaultConfigurationName = Release;
		};
		272A1D081EAFE62F007F5816 /* Build configuration list for PBXNativeTarget "DemoVideoPlaybackKitTests" */ = {
			isa = XCConfigurationList;
			buildConfigurations = (
				272A1D091EAFE62F007F5816 /* Debug */,
				272A1D0A1EAFE62F007F5816 /* Release */,
			);
			defaultConfigurationIsVisible = 0;
			defaultConfigurationName = Release;
		};
		272A1D0B1EAFE62F007F5816 /* Build configuration list for PBXNativeTarget "DemoVideoPlaybackKitUITests" */ = {
			isa = XCConfigurationList;
			buildConfigurations = (
				272A1D0C1EAFE62F007F5816 /* Debug */,
				272A1D0D1EAFE62F007F5816 /* Release */,
			);
			defaultConfigurationIsVisible = 0;
			defaultConfigurationName = Release;
		};
/* End XCConfigurationList section */
	};
	rootObject = 272A1CD51EAFE62F007F5816 /* Project object */;
}
